// !$*UTF8*$!
{
	archiveVersion = 1;
	classes = {
	};
	objectVersion = 48;
	objects = {

/* Begin PBXBuildFile section */
		A8BC01DC1FD789A20094B423 /* CBURLSession.m in Sources */ = {isa = PBXBuildFile; fileRef = A8BC01C11FD789A20094B423 /* CBURLSession.m */; };
		A8BC01DD1FD789A20094B423 /* CBURLSession.m in Sources */ = {isa = PBXBuildFile; fileRef = A8BC01C11FD789A20094B423 /* CBURLSession.m */; };
		A8BC01DE1FD789A20094B423 /* CBURLSession.m in Sources */ = {isa = PBXBuildFile; fileRef = A8BC01C11FD789A20094B423 /* CBURLSession.m */; };
		A8BC01DF1FD789A20094B423 /* APIClient.m in Sources */ = {isa = PBXBuildFile; fileRef = A8BC01C51FD789A20094B423 /* APIClient.m */; };
		A8BC01E01FD789A20094B423 /* APIClient.m in Sources */ = {isa = PBXBuildFile; fileRef = A8BC01C51FD789A20094B423 /* APIClient.m */; };
		A8BC01E11FD789A20094B423 /* APIClient.m in Sources */ = {isa = PBXBuildFile; fileRef = A8BC01C51FD789A20094B423 /* APIClient.m */; };
		A8BC01E21FD789A20094B423 /* NSString+URL.m in Sources */ = {isa = PBXBuildFile; fileRef = A8BC01C71FD789A20094B423 /* NSString+URL.m */; };
		A8BC01E31FD789A20094B423 /* NSString+URL.m in Sources */ = {isa = PBXBuildFile; fileRef = A8BC01C71FD789A20094B423 /* NSString+URL.m */; };
		A8BC01E41FD789A20094B423 /* NSString+URL.m in Sources */ = {isa = PBXBuildFile; fileRef = A8BC01C71FD789A20094B423 /* NSString+URL.m */; };
		A8BC01E51FD789A20094B423 /* UIColor+Help.m in Sources */ = {isa = PBXBuildFile; fileRef = A8BC01C81FD789A20094B423 /* UIColor+Help.m */; };
		A8BC01E61FD789A20094B423 /* UIColor+Help.m in Sources */ = {isa = PBXBuildFile; fileRef = A8BC01C81FD789A20094B423 /* UIColor+Help.m */; };
		A8BC01E71FD789A20094B423 /* UIColor+Help.m in Sources */ = {isa = PBXBuildFile; fileRef = A8BC01C81FD789A20094B423 /* UIColor+Help.m */; };
		A8BC01E81FD789A20094B423 /* UIView+IB.m in Sources */ = {isa = PBXBuildFile; fileRef = A8BC01C91FD789A20094B423 /* UIView+IB.m */; };
		A8BC01E91FD789A20094B423 /* UIView+IB.m in Sources */ = {isa = PBXBuildFile; fileRef = A8BC01C91FD789A20094B423 /* UIView+IB.m */; };
		A8BC01EA1FD789A20094B423 /* UIView+IB.m in Sources */ = {isa = PBXBuildFile; fileRef = A8BC01C91FD789A20094B423 /* UIView+IB.m */; };
		A8BC01EB1FD789A20094B423 /* MBProgressHUD.m in Sources */ = {isa = PBXBuildFile; fileRef = A8BC01CB1FD789A20094B423 /* MBProgressHUD.m */; };
		A8BC01EC1FD789A20094B423 /* MBProgressHUD.m in Sources */ = {isa = PBXBuildFile; fileRef = A8BC01CB1FD789A20094B423 /* MBProgressHUD.m */; };
		A8BC01ED1FD789A20094B423 /* MBProgressHUD.m in Sources */ = {isa = PBXBuildFile; fileRef = A8BC01CB1FD789A20094B423 /* MBProgressHUD.m */; };
		A8BC01EE1FD789A20094B423 /* NSDictionary+NullResult.m in Sources */ = {isa = PBXBuildFile; fileRef = A8BC01CC1FD789A20094B423 /* NSDictionary+NullResult.m */; };
		A8BC01EF1FD789A20094B423 /* NSDictionary+NullResult.m in Sources */ = {isa = PBXBuildFile; fileRef = A8BC01CC1FD789A20094B423 /* NSDictionary+NullResult.m */; };
		A8BC01F01FD789A20094B423 /* NSDictionary+NullResult.m in Sources */ = {isa = PBXBuildFile; fileRef = A8BC01CC1FD789A20094B423 /* NSDictionary+NullResult.m */; };
		A8BC01F11FD789A20094B423 /* UIImage+Category.m in Sources */ = {isa = PBXBuildFile; fileRef = A8BC01CD1FD789A20094B423 /* UIImage+Category.m */; };
		A8BC01F21FD789A20094B423 /* UIImage+Category.m in Sources */ = {isa = PBXBuildFile; fileRef = A8BC01CD1FD789A20094B423 /* UIImage+Category.m */; };
		A8BC01F31FD789A20094B423 /* UIImage+Category.m in Sources */ = {isa = PBXBuildFile; fileRef = A8BC01CD1FD789A20094B423 /* UIImage+Category.m */; };
		A8BC01F41FD789A20094B423 /* UIView+DDAddition.m in Sources */ = {isa = PBXBuildFile; fileRef = A8BC01CF1FD789A20094B423 /* UIView+DDAddition.m */; };
		A8BC01F51FD789A20094B423 /* UIView+DDAddition.m in Sources */ = {isa = PBXBuildFile; fileRef = A8BC01CF1FD789A20094B423 /* UIView+DDAddition.m */; };
		A8BC01F61FD789A20094B423 /* UIView+DDAddition.m in Sources */ = {isa = PBXBuildFile; fileRef = A8BC01CF1FD789A20094B423 /* UIView+DDAddition.m */; };
		A8BC01F71FD789A20094B423 /* UIImage+Color.m in Sources */ = {isa = PBXBuildFile; fileRef = A8BC01D91FD789A20094B423 /* UIImage+Color.m */; };
		A8BC01F81FD789A20094B423 /* UIImage+Color.m in Sources */ = {isa = PBXBuildFile; fileRef = A8BC01D91FD789A20094B423 /* UIImage+Color.m */; };
		A8BC01F91FD789A20094B423 /* UIImage+Color.m in Sources */ = {isa = PBXBuildFile; fileRef = A8BC01D91FD789A20094B423 /* UIImage+Color.m */; };
		A8BC01FA1FD789A20094B423 /* UIView+toast.m in Sources */ = {isa = PBXBuildFile; fileRef = A8BC01DA1FD789A20094B423 /* UIView+toast.m */; };
		A8BC01FB1FD789A20094B423 /* UIView+toast.m in Sources */ = {isa = PBXBuildFile; fileRef = A8BC01DA1FD789A20094B423 /* UIView+toast.m */; };
		A8BC01FC1FD789A20094B423 /* UIView+toast.m in Sources */ = {isa = PBXBuildFile; fileRef = A8BC01DA1FD789A20094B423 /* UIView+toast.m */; };
		A8BC01FD1FD789A20094B423 /* NSData+AES128.m in Sources */ = {isa = PBXBuildFile; fileRef = A8BC01DB1FD789A20094B423 /* NSData+AES128.m */; };
		A8BC01FE1FD789A20094B423 /* NSData+AES128.m in Sources */ = {isa = PBXBuildFile; fileRef = A8BC01DB1FD789A20094B423 /* NSData+AES128.m */; };
		A8BC01FF1FD789A20094B423 /* NSData+AES128.m in Sources */ = {isa = PBXBuildFile; fileRef = A8BC01DB1FD789A20094B423 /* NSData+AES128.m */; };
		A8BCFF551FD68E860094B423 /* AppDelegate.m in Sources */ = {isa = PBXBuildFile; fileRef = A8BCFF541FD68E860094B423 /* AppDelegate.m */; };
		A8BCFF581FD68E860094B423 /* ViewController.m in Sources */ = {isa = PBXBuildFile; fileRef = A8BCFF571FD68E860094B423 /* ViewController.m */; };
		A8BCFF5B1FD68E860094B423 /* Main.storyboard in Resources */ = {isa = PBXBuildFile; fileRef = A8BCFF591FD68E860094B423 /* Main.storyboard */; };
		A8BCFF5D1FD68E860094B423 /* Assets.xcassets in Resources */ = {isa = PBXBuildFile; fileRef = A8BCFF5C1FD68E860094B423 /* Assets.xcassets */; };
		A8BCFF601FD68E860094B423 /* LaunchScreen.storyboard in Resources */ = {isa = PBXBuildFile; fileRef = A8BCFF5E1FD68E860094B423 /* LaunchScreen.storyboard */; };
		A8BCFF631FD68E860094B423 /* main.m in Sources */ = {isa = PBXBuildFile; fileRef = A8BCFF621FD68E860094B423 /* main.m */; };
		A8BCFF6D1FD68E860094B423 /* BasicUtilsTestTests.m in Sources */ = {isa = PBXBuildFile; fileRef = A8BCFF6C1FD68E860094B423 /* BasicUtilsTestTests.m */; };
		A8BCFF781FD68E860094B423 /* BasicUtilsTestUITests.m in Sources */ = {isa = PBXBuildFile; fileRef = A8BCFF771FD68E860094B423 /* BasicUtilsTestUITests.m */; };
/* End PBXBuildFile section */

/* Begin PBXContainerItemProxy section */
		A8BCFF691FD68E860094B423 /* PBXContainerItemProxy */ = {
			isa = PBXContainerItemProxy;
			containerPortal = A8BCFF481FD68E860094B423 /* Project object */;
			proxyType = 1;
			remoteGlobalIDString = A8BCFF4F1FD68E860094B423;
			remoteInfo = BasicUtilsTest;
		};
		A8BCFF741FD68E860094B423 /* PBXContainerItemProxy */ = {
			isa = PBXContainerItemProxy;
			containerPortal = A8BCFF481FD68E860094B423 /* Project object */;
			proxyType = 1;
			remoteGlobalIDString = A8BCFF4F1FD68E860094B423;
			remoteInfo = BasicUtilsTest;
		};
/* End PBXContainerItemProxy section */

/* Begin PBXFileReference section */
		A8BC01BF1FD789A20094B423 /* ABCreditHeader.h */ = {isa = PBXFileReference; fileEncoding = 4; lastKnownFileType = sourcecode.c.h; path = ABCreditHeader.h; sourceTree = "<group>"; };
		A8BC01C11FD789A20094B423 /* CBURLSession.m */ = {isa = PBXFileReference; fileEncoding = 4; lastKnownFileType = sourcecode.c.objc; path = CBURLSession.m; sourceTree = "<group>"; };
		A8BC01C21FD789A20094B423 /* CBNetworkHeader.h */ = {isa = PBXFileReference; fileEncoding = 4; lastKnownFileType = sourcecode.c.h; path = CBNetworkHeader.h; sourceTree = "<group>"; };
		A8BC01C31FD789A20094B423 /* APIClient.h */ = {isa = PBXFileReference; fileEncoding = 4; lastKnownFileType = sourcecode.c.h; path = APIClient.h; sourceTree = "<group>"; };
		A8BC01C41FD789A20094B423 /* CBURLSession.h */ = {isa = PBXFileReference; fileEncoding = 4; lastKnownFileType = sourcecode.c.h; path = CBURLSession.h; sourceTree = "<group>"; };
		A8BC01C51FD789A20094B423 /* APIClient.m */ = {isa = PBXFileReference; fileEncoding = 4; lastKnownFileType = sourcecode.c.objc; path = APIClient.m; sourceTree = "<group>"; };
		A8BC01C71FD789A20094B423 /* NSString+URL.m */ = {isa = PBXFileReference; fileEncoding = 4; lastKnownFileType = sourcecode.c.objc; path = "NSString+URL.m"; sourceTree = "<group>"; };
		A8BC01C81FD789A20094B423 /* UIColor+Help.m */ = {isa = PBXFileReference; fileEncoding = 4; lastKnownFileType = sourcecode.c.objc; path = "UIColor+Help.m"; sourceTree = "<group>"; };
		A8BC01C91FD789A20094B423 /* UIView+IB.m */ = {isa = PBXFileReference; fileEncoding = 4; lastKnownFileType = sourcecode.c.objc; path = "UIView+IB.m"; sourceTree = "<group>"; };
		A8BC01CA1FD789A20094B423 /* CBCatergoryHeader.h */ = {isa = PBXFileReference; fileEncoding = 4; lastKnownFileType = sourcecode.c.h; path = CBCatergoryHeader.h; sourceTree = "<group>"; };
		A8BC01CB1FD789A20094B423 /* MBProgressHUD.m */ = {isa = PBXFileReference; fileEncoding = 4; lastKnownFileType = sourcecode.c.objc; path = MBProgressHUD.m; sourceTree = "<group>"; };
		A8BC01CC1FD789A20094B423 /* NSDictionary+NullResult.m */ = {isa = PBXFileReference; fileEncoding = 4; lastKnownFileType = sourcecode.c.objc; path = "NSDictionary+NullResult.m"; sourceTree = "<group>"; };
		A8BC01CD1FD789A20094B423 /* UIImage+Category.m */ = {isa = PBXFileReference; fileEncoding = 4; lastKnownFileType = sourcecode.c.objc; path = "UIImage+Category.m"; sourceTree = "<group>"; };
		A8BC01CE1FD789A20094B423 /* UIImage+Color.h */ = {isa = PBXFileReference; fileEncoding = 4; lastKnownFileType = sourcecode.c.h; path = "UIImage+Color.h"; sourceTree = "<group>"; };
		A8BC01CF1FD789A20094B423 /* UIView+DDAddition.m */ = {isa = PBXFileReference; fileEncoding = 4; lastKnownFileType = sourcecode.c.objc; path = "UIView+DDAddition.m"; sourceTree = "<group>"; };
		A8BC01D01FD789A20094B423 /* UIView+toast.h */ = {isa = PBXFileReference; fileEncoding = 4; lastKnownFileType = sourcecode.c.h; path = "UIView+toast.h"; sourceTree = "<group>"; };
		A8BC01D11FD789A20094B423 /* NSData+AES128.h */ = {isa = PBXFileReference; fileEncoding = 4; lastKnownFileType = sourcecode.c.h; path = "NSData+AES128.h"; sourceTree = "<group>"; };
		A8BC01D21FD789A20094B423 /* MBProgressHUD.h */ = {isa = PBXFileReference; fileEncoding = 4; lastKnownFileType = sourcecode.c.h; path = MBProgressHUD.h; sourceTree = "<group>"; };
		A8BC01D31FD789A20094B423 /* UIView+IB.h */ = {isa = PBXFileReference; fileEncoding = 4; lastKnownFileType = sourcecode.c.h; path = "UIView+IB.h"; sourceTree = "<group>"; };
		A8BC01D41FD789A20094B423 /* NSString+URL.h */ = {isa = PBXFileReference; fileEncoding = 4; lastKnownFileType = sourcecode.c.h; path = "NSString+URL.h"; sourceTree = "<group>"; };
		A8BC01D51FD789A20094B423 /* UIColor+Help.h */ = {isa = PBXFileReference; fileEncoding = 4; lastKnownFileType = sourcecode.c.h; path = "UIColor+Help.h"; sourceTree = "<group>"; };
		A8BC01D61FD789A20094B423 /* UIImage+Category.h */ = {isa = PBXFileReference; fileEncoding = 4; lastKnownFileType = sourcecode.c.h; path = "UIImage+Category.h"; sourceTree = "<group>"; };
		A8BC01D71FD789A20094B423 /* NSDictionary+NullResult.h */ = {isa = PBXFileReference; fileEncoding = 4; lastKnownFileType = sourcecode.c.h; path = "NSDictionary+NullResult.h"; sourceTree = "<group>"; };
		A8BC01D81FD789A20094B423 /* UIView+DDAddition.h */ = {isa = PBXFileReference; fileEncoding = 4; lastKnownFileType = sourcecode.c.h; path = "UIView+DDAddition.h"; sourceTree = "<group>"; };
		A8BC01D91FD789A20094B423 /* UIImage+Color.m */ = {isa = PBXFileReference; fileEncoding = 4; lastKnownFileType = sourcecode.c.objc; path = "UIImage+Color.m"; sourceTree = "<group>"; };
		A8BC01DA1FD789A20094B423 /* UIView+toast.m */ = {isa = PBXFileReference; fileEncoding = 4; lastKnownFileType = sourcecode.c.objc; path = "UIView+toast.m"; sourceTree = "<group>"; };
		A8BC01DB1FD789A20094B423 /* NSData+AES128.m */ = {isa = PBXFileReference; fileEncoding = 4; lastKnownFileType = sourcecode.c.objc; path = "NSData+AES128.m"; sourceTree = "<group>"; };
		A8BCFF501FD68E860094B423 /* BasicUtilsTest.app */ = {isa = PBXFileReference; explicitFileType = wrapper.application; includeInIndex = 0; path = BasicUtilsTest.app; sourceTree = BUILT_PRODUCTS_DIR; };
		A8BCFF531FD68E860094B423 /* AppDelegate.h */ = {isa = PBXFileReference; lastKnownFileType = sourcecode.c.h; path = AppDelegate.h; sourceTree = "<group>"; };
		A8BCFF541FD68E860094B423 /* AppDelegate.m */ = {isa = PBXFileReference; lastKnownFileType = sourcecode.c.objc; path = AppDelegate.m; sourceTree = "<group>"; };
		A8BCFF561FD68E860094B423 /* ViewController.h */ = {isa = PBXFileReference; lastKnownFileType = sourcecode.c.h; path = ViewController.h; sourceTree = "<group>"; };
		A8BCFF571FD68E860094B423 /* ViewController.m */ = {isa = PBXFileReference; lastKnownFileType = sourcecode.c.objc; path = ViewController.m; sourceTree = "<group>"; };
		A8BCFF5A1FD68E860094B423 /* Base */ = {isa = PBXFileReference; lastKnownFileType = file.storyboard; name = Base; path = Base.lproj/Main.storyboard; sourceTree = "<group>"; };
		A8BCFF5C1FD68E860094B423 /* Assets.xcassets */ = {isa = PBXFileReference; lastKnownFileType = folder.assetcatalog; path = Assets.xcassets; sourceTree = "<group>"; };
		A8BCFF5F1FD68E860094B423 /* Base */ = {isa = PBXFileReference; lastKnownFileType = file.storyboard; name = Base; path = Base.lproj/LaunchScreen.storyboard; sourceTree = "<group>"; };
		A8BCFF611FD68E860094B423 /* Info.plist */ = {isa = PBXFileReference; lastKnownFileType = text.plist.xml; path = Info.plist; sourceTree = "<group>"; };
		A8BCFF621FD68E860094B423 /* main.m */ = {isa = PBXFileReference; lastKnownFileType = sourcecode.c.objc; path = main.m; sourceTree = "<group>"; };
		A8BCFF681FD68E860094B423 /* BasicUtilsTestTests.xctest */ = {isa = PBXFileReference; explicitFileType = wrapper.cfbundle; includeInIndex = 0; path = BasicUtilsTestTests.xctest; sourceTree = BUILT_PRODUCTS_DIR; };
		A8BCFF6C1FD68E860094B423 /* BasicUtilsTestTests.m */ = {isa = PBXFileReference; lastKnownFileType = sourcecode.c.objc; path = BasicUtilsTestTests.m; sourceTree = "<group>"; };
		A8BCFF6E1FD68E860094B423 /* Info.plist */ = {isa = PBXFileReference; lastKnownFileType = text.plist.xml; path = Info.plist; sourceTree = "<group>"; };
		A8BCFF731FD68E860094B423 /* BasicUtilsTestUITests.xctest */ = {isa = PBXFileReference; explicitFileType = wrapper.cfbundle; includeInIndex = 0; path = BasicUtilsTestUITests.xctest; sourceTree = BUILT_PRODUCTS_DIR; };
		A8BCFF771FD68E860094B423 /* BasicUtilsTestUITests.m */ = {isa = PBXFileReference; lastKnownFileType = sourcecode.c.objc; path = BasicUtilsTestUITests.m; sourceTree = "<group>"; };
		A8BCFF791FD68E860094B423 /* Info.plist */ = {isa = PBXFileReference; lastKnownFileType = text.plist.xml; path = Info.plist; sourceTree = "<group>"; };
/* End PBXFileReference section */

/* Begin PBXFrameworksBuildPhase section */
		A8BCFF4D1FD68E860094B423 /* Frameworks */ = {
			isa = PBXFrameworksBuildPhase;
			buildActionMask = 2147483647;
			files = (
			);
			runOnlyForDeploymentPostprocessing = 0;
		};
		A8BCFF651FD68E860094B423 /* Frameworks */ = {
			isa = PBXFrameworksBuildPhase;
			buildActionMask = 2147483647;
			files = (
			);
			runOnlyForDeploymentPostprocessing = 0;
		};
		A8BCFF701FD68E860094B423 /* Frameworks */ = {
			isa = PBXFrameworksBuildPhase;
			buildActionMask = 2147483647;
			files = (
			);
			runOnlyForDeploymentPostprocessing = 0;
		};
/* End PBXFrameworksBuildPhase section */

/* Begin PBXGroup section */
		A8BC01BD1FD789A20094B423 /* BasicUtils */ = {
			isa = PBXGroup;
			children = (
				A8BC01BE1FD789A20094B423 /* MacroAndConstant */,
				A8BC01C01FD789A20094B423 /* Requset */,
				A8BC01C61FD789A20094B423 /* Catergory */,
			);
			name = BasicUtils;
			path = ../../BasicUtils;
			sourceTree = "<group>";
		};
		A8BC01BE1FD789A20094B423 /* MacroAndConstant */ = {
			isa = PBXGroup;
			children = (
				A8BC01BF1FD789A20094B423 /* ABCreditHeader.h */,
			);
			path = MacroAndConstant;
			sourceTree = "<group>";
		};
		A8BC01C01FD789A20094B423 /* Requset */ = {
			isa = PBXGroup;
			children = (
				A8BC01C11FD789A20094B423 /* CBURLSession.m */,
				A8BC01C21FD789A20094B423 /* CBNetworkHeader.h */,
				A8BC01C31FD789A20094B423 /* APIClient.h */,
				A8BC01C41FD789A20094B423 /* CBURLSession.h */,
				A8BC01C51FD789A20094B423 /* APIClient.m */,
			);
			path = Requset;
			sourceTree = "<group>";
		};
		A8BC01C61FD789A20094B423 /* Catergory */ = {
			isa = PBXGroup;
			children = (
				A8BC01C71FD789A20094B423 /* NSString+URL.m */,
				A8BC01C81FD789A20094B423 /* UIColor+Help.m */,
				A8BC01C91FD789A20094B423 /* UIView+IB.m */,
				A8BC01CA1FD789A20094B423 /* CBCatergoryHeader.h */,
				A8BC01CB1FD789A20094B423 /* MBProgressHUD.m */,
				A8BC01CC1FD789A20094B423 /* NSDictionary+NullResult.m */,
				A8BC01CD1FD789A20094B423 /* UIImage+Category.m */,
				A8BC01CE1FD789A20094B423 /* UIImage+Color.h */,
				A8BC01CF1FD789A20094B423 /* UIView+DDAddition.m */,
				A8BC01D01FD789A20094B423 /* UIView+toast.h */,
				A8BC01D11FD789A20094B423 /* NSData+AES128.h */,
				A8BC01D21FD789A20094B423 /* MBProgressHUD.h */,
				A8BC01D31FD789A20094B423 /* UIView+IB.h */,
				A8BC01D41FD789A20094B423 /* NSString+URL.h */,
				A8BC01D51FD789A20094B423 /* UIColor+Help.h */,
				A8BC01D61FD789A20094B423 /* UIImage+Category.h */,
				A8BC01D71FD789A20094B423 /* NSDictionary+NullResult.h */,
				A8BC01D81FD789A20094B423 /* UIView+DDAddition.h */,
				A8BC01D91FD789A20094B423 /* UIImage+Color.m */,
				A8BC01DA1FD789A20094B423 /* UIView+toast.m */,
				A8BC01DB1FD789A20094B423 /* NSData+AES128.m */,
			);
			path = Catergory;
			sourceTree = "<group>";
		};
		A8BCFF471FD68E860094B423 = {
			isa = PBXGroup;
			children = (
				A8BCFF521FD68E860094B423 /* BasicUtilsTest */,
				A8BCFF6B1FD68E860094B423 /* BasicUtilsTestTests */,
				A8BCFF761FD68E860094B423 /* BasicUtilsTestUITests */,
				A8BCFF511FD68E860094B423 /* Products */,
			);
			sourceTree = "<group>";
		};
		A8BCFF511FD68E860094B423 /* Products */ = {
			isa = PBXGroup;
			children = (
				A8BCFF501FD68E860094B423 /* BasicUtilsTest.app */,
				A8BCFF681FD68E860094B423 /* BasicUtilsTestTests.xctest */,
				A8BCFF731FD68E860094B423 /* BasicUtilsTestUITests.xctest */,
			);
			name = Products;
			sourceTree = "<group>";
		};
		A8BCFF521FD68E860094B423 /* BasicUtilsTest */ = {
			isa = PBXGroup;
			children = (
				A8BC01BD1FD789A20094B423 /* BasicUtils */,
				A8BCFF531FD68E860094B423 /* AppDelegate.h */,
				A8BCFF541FD68E860094B423 /* AppDelegate.m */,
				A8BCFF561FD68E860094B423 /* ViewController.h */,
				A8BCFF571FD68E860094B423 /* ViewController.m */,
				A8BCFF591FD68E860094B423 /* Main.storyboard */,
				A8BCFF5C1FD68E860094B423 /* Assets.xcassets */,
				A8BCFF5E1FD68E860094B423 /* LaunchScreen.storyboard */,
				A8BCFF611FD68E860094B423 /* Info.plist */,
				A8BCFF621FD68E860094B423 /* main.m */,
			);
			path = BasicUtilsTest;
			sourceTree = "<group>";
		};
		A8BCFF6B1FD68E860094B423 /* BasicUtilsTestTests */ = {
			isa = PBXGroup;
			children = (
				A8BCFF6C1FD68E860094B423 /* BasicUtilsTestTests.m */,
				A8BCFF6E1FD68E860094B423 /* Info.plist */,
			);
			path = BasicUtilsTestTests;
			sourceTree = "<group>";
		};
		A8BCFF761FD68E860094B423 /* BasicUtilsTestUITests */ = {
			isa = PBXGroup;
			children = (
				A8BCFF771FD68E860094B423 /* BasicUtilsTestUITests.m */,
				A8BCFF791FD68E860094B423 /* Info.plist */,
			);
			path = BasicUtilsTestUITests;
			sourceTree = "<group>";
		};
/* End PBXGroup section */

/* Begin PBXNativeTarget section */
		A8BCFF4F1FD68E860094B423 /* BasicUtilsTest */ = {
			isa = PBXNativeTarget;
			buildConfigurationList = A8BCFF7C1FD68E860094B423 /* Build configuration list for PBXNativeTarget "BasicUtilsTest" */;
			buildPhases = (
				A8BCFF4C1FD68E860094B423 /* Sources */,
				A8BCFF4D1FD68E860094B423 /* Frameworks */,
				A8BCFF4E1FD68E860094B423 /* Resources */,
			);
			buildRules = (
			);
			dependencies = (
			);
			name = BasicUtilsTest;
			productName = BasicUtilsTest;
			productReference = A8BCFF501FD68E860094B423 /* BasicUtilsTest.app */;
			productType = "com.apple.product-type.application";
		};
		A8BCFF671FD68E860094B423 /* BasicUtilsTestTests */ = {
			isa = PBXNativeTarget;
			buildConfigurationList = A8BCFF7F1FD68E860094B423 /* Build configuration list for PBXNativeTarget "BasicUtilsTestTests" */;
			buildPhases = (
				A8BCFF641FD68E860094B423 /* Sources */,
				A8BCFF651FD68E860094B423 /* Frameworks */,
				A8BCFF661FD68E860094B423 /* Resources */,
			);
			buildRules = (
			);
			dependencies = (
				A8BCFF6A1FD68E860094B423 /* PBXTargetDependency */,
			);
			name = BasicUtilsTestTests;
			productName = BasicUtilsTestTests;
			productReference = A8BCFF681FD68E860094B423 /* BasicUtilsTestTests.xctest */;
			productType = "com.apple.product-type.bundle.unit-test";
		};
		A8BCFF721FD68E860094B423 /* BasicUtilsTestUITests */ = {
			isa = PBXNativeTarget;
			buildConfigurationList = A8BCFF821FD68E860094B423 /* Build configuration list for PBXNativeTarget "BasicUtilsTestUITests" */;
			buildPhases = (
				A8BCFF6F1FD68E860094B423 /* Sources */,
				A8BCFF701FD68E860094B423 /* Frameworks */,
				A8BCFF711FD68E860094B423 /* Resources */,
			);
			buildRules = (
			);
			dependencies = (
				A8BCFF751FD68E860094B423 /* PBXTargetDependency */,
			);
			name = BasicUtilsTestUITests;
			productName = BasicUtilsTestUITests;
			productReference = A8BCFF731FD68E860094B423 /* BasicUtilsTestUITests.xctest */;
			productType = "com.apple.product-type.bundle.ui-testing";
		};
/* End PBXNativeTarget section */

/* Begin PBXProject section */
		A8BCFF481FD68E860094B423 /* Project object */ = {
			isa = PBXProject;
			attributes = {
				LastUpgradeCheck = 0910;
				ORGANIZATIONNAME = caobo56;
				TargetAttributes = {
					A8BCFF4F1FD68E860094B423 = {
						CreatedOnToolsVersion = 9.1;
						ProvisioningStyle = Automatic;
					};
					A8BCFF671FD68E860094B423 = {
						CreatedOnToolsVersion = 9.1;
						ProvisioningStyle = Automatic;
						TestTargetID = A8BCFF4F1FD68E860094B423;
					};
					A8BCFF721FD68E860094B423 = {
						CreatedOnToolsVersion = 9.1;
						ProvisioningStyle = Automatic;
						TestTargetID = A8BCFF4F1FD68E860094B423;
					};
				};
			};
			buildConfigurationList = A8BCFF4B1FD68E860094B423 /* Build configuration list for PBXProject "BasicUtilsTest" */;
			compatibilityVersion = "Xcode 8.0";
			developmentRegion = en;
			hasScannedForEncodings = 0;
			knownRegions = (
				en,
				Base,
			);
			mainGroup = A8BCFF471FD68E860094B423;
			productRefGroup = A8BCFF511FD68E860094B423 /* Products */;
			projectDirPath = "";
			projectRoot = "";
			targets = (
				A8BCFF4F1FD68E860094B423 /* BasicUtilsTest */,
				A8BCFF671FD68E860094B423 /* BasicUtilsTestTests */,
				A8BCFF721FD68E860094B423 /* BasicUtilsTestUITests */,
			);
		};
/* End PBXProject section */

/* Begin PBXResourcesBuildPhase section */
		A8BCFF4E1FD68E860094B423 /* Resources */ = {
			isa = PBXResourcesBuildPhase;
			buildActionMask = 2147483647;
			files = (
				A8BCFF601FD68E860094B423 /* LaunchScreen.storyboard in Resources */,
				A8BCFF5D1FD68E860094B423 /* Assets.xcassets in Resources */,
				A8BCFF5B1FD68E860094B423 /* Main.storyboard in Resources */,
			);
			runOnlyForDeploymentPostprocessing = 0;
		};
		A8BCFF661FD68E860094B423 /* Resources */ = {
			isa = PBXResourcesBuildPhase;
			buildActionMask = 2147483647;
			files = (
			);
			runOnlyForDeploymentPostprocessing = 0;
		};
		A8BCFF711FD68E860094B423 /* Resources */ = {
			isa = PBXResourcesBuildPhase;
			buildActionMask = 2147483647;
			files = (
			);
			runOnlyForDeploymentPostprocessing = 0;
		};
/* End PBXResourcesBuildPhase section */

/* Begin PBXSourcesBuildPhase section */
		A8BCFF4C1FD68E860094B423 /* Sources */ = {
			isa = PBXSourcesBuildPhase;
			buildActionMask = 2147483647;
			files = (
				A8BC01DF1FD789A20094B423 /* APIClient.m in Sources */,
				A8BC01E21FD789A20094B423 /* NSString+URL.m in Sources */,
				A8BC01F11FD789A20094B423 /* UIImage+Category.m in Sources */,
				A8BCFF581FD68E860094B423 /* ViewController.m in Sources */,
				A8BC01E51FD789A20094B423 /* UIColor+Help.m in Sources */,
				A8BC01EB1FD789A20094B423 /* MBProgressHUD.m in Sources */,
				A8BC01F41FD789A20094B423 /* UIView+DDAddition.m in Sources */,
				A8BC01DC1FD789A20094B423 /* CBURLSession.m in Sources */,
				A8BC01EE1FD789A20094B423 /* NSDictionary+NullResult.m in Sources */,
				A8BC01E81FD789A20094B423 /* UIView+IB.m in Sources */,
				A8BCFF631FD68E860094B423 /* main.m in Sources */,
				A8BCFF551FD68E860094B423 /* AppDelegate.m in Sources */,
				A8BC01FA1FD789A20094B423 /* UIView+toast.m in Sources */,
				A8BC01FD1FD789A20094B423 /* NSData+AES128.m in Sources */,
				A8BC01F71FD789A20094B423 /* UIImage+Color.m in Sources */,
			);
			runOnlyForDeploymentPostprocessing = 0;
		};
		A8BCFF641FD68E860094B423 /* Sources */ = {
			isa = PBXSourcesBuildPhase;
			buildActionMask = 2147483647;
			files = (
				A8BC01FB1FD789A20094B423 /* UIView+toast.m in Sources */,
				A8BC01EF1FD789A20094B423 /* NSDictionary+NullResult.m in Sources */,
				A8BCFF6D1FD68E860094B423 /* BasicUtilsTestTests.m in Sources */,
				A8BC01F51FD789A20094B423 /* UIView+DDAddition.m in Sources */,
				A8BC01FE1FD789A20094B423 /* NSData+AES128.m in Sources */,
				A8BC01E91FD789A20094B423 /* UIView+IB.m in Sources */,
				A8BC01E01FD789A20094B423 /* APIClient.m in Sources */,
				A8BC01DD1FD789A20094B423 /* CBURLSession.m in Sources */,
				A8BC01F21FD789A20094B423 /* UIImage+Category.m in Sources */,
				A8BC01E31FD789A20094B423 /* NSString+URL.m in Sources */,
				A8BC01F81FD789A20094B423 /* UIImage+Color.m in Sources */,
				A8BC01E61FD789A20094B423 /* UIColor+Help.m in Sources */,
				A8BC01EC1FD789A20094B423 /* MBProgressHUD.m in Sources */,
			);
			runOnlyForDeploymentPostprocessing = 0;
		};
		A8BCFF6F1FD68E860094B423 /* Sources */ = {
			isa = PBXSourcesBuildPhase;
			buildActionMask = 2147483647;
			files = (
				A8BC01FC1FD789A20094B423 /* UIView+toast.m in Sources */,
				A8BC01F01FD789A20094B423 /* NSDictionary+NullResult.m in Sources */,
				A8BCFF781FD68E860094B423 /* BasicUtilsTestUITests.m in Sources */,
				A8BC01F61FD789A20094B423 /* UIView+DDAddition.m in Sources */,
				A8BC01FF1FD789A20094B423 /* NSData+AES128.m in Sources */,
				A8BC01EA1FD789A20094B423 /* UIView+IB.m in Sources */,
				A8BC01E11FD789A20094B423 /* APIClient.m in Sources */,
				A8BC01DE1FD789A20094B423 /* CBURLSession.m in Sources */,
				A8BC01F31FD789A20094B423 /* UIImage+Category.m in Sources */,
				A8BC01E41FD789A20094B423 /* NSString+URL.m in Sources */,
				A8BC01F91FD789A20094B423 /* UIImage+Color.m in Sources */,
				A8BC01E71FD789A20094B423 /* UIColor+Help.m in Sources */,
				A8BC01ED1FD789A20094B423 /* MBProgressHUD.m in Sources */,
			);
			runOnlyForDeploymentPostprocessing = 0;
		};
/* End PBXSourcesBuildPhase section */

/* Begin PBXTargetDependency section */
		A8BCFF6A1FD68E860094B423 /* PBXTargetDependency */ = {
			isa = PBXTargetDependency;
			target = A8BCFF4F1FD68E860094B423 /* BasicUtilsTest */;
			targetProxy = A8BCFF691FD68E860094B423 /* PBXContainerItemProxy */;
		};
		A8BCFF751FD68E860094B423 /* PBXTargetDependency */ = {
			isa = PBXTargetDependency;
			target = A8BCFF4F1FD68E860094B423 /* BasicUtilsTest */;
			targetProxy = A8BCFF741FD68E860094B423 /* PBXContainerItemProxy */;
		};
/* End PBXTargetDependency section */

/* Begin PBXVariantGroup section */
		A8BCFF591FD68E860094B423 /* Main.storyboard */ = {
			isa = PBXVariantGroup;
			children = (
				A8BCFF5A1FD68E860094B423 /* Base */,
			);
			name = Main.storyboard;
			sourceTree = "<group>";
		};
		A8BCFF5E1FD68E860094B423 /* LaunchScreen.storyboard */ = {
			isa = PBXVariantGroup;
			children = (
				A8BCFF5F1FD68E860094B423 /* Base */,
			);
			name = LaunchScreen.storyboard;
			sourceTree = "<group>";
		};
/* End PBXVariantGroup section */

/* Begin XCBuildConfiguration section */
		A8BCFF7A1FD68E860094B423 /* Debug */ = {
			isa = XCBuildConfiguration;
			buildSettings = {
				ALWAYS_SEARCH_USER_PATHS = NO;
				CLANG_ANALYZER_NONNULL = YES;
				CLANG_ANALYZER_NUMBER_OBJECT_CONVERSION = YES_AGGRESSIVE;
				CLANG_CXX_LANGUAGE_STANDARD = "gnu++14";
				CLANG_CXX_LIBRARY = "libc++";
				CLANG_ENABLE_MODULES = YES;
				CLANG_ENABLE_OBJC_ARC = YES;
				CLANG_WARN_BLOCK_CAPTURE_AUTORELEASING = YES;
				CLANG_WARN_BOOL_CONVERSION = YES;
				CLANG_WARN_COMMA = YES;
				CLANG_WARN_CONSTANT_CONVERSION = YES;
				CLANG_WARN_DIRECT_OBJC_ISA_USAGE = YES_ERROR;
				CLANG_WARN_DOCUMENTATION_COMMENTS = YES;
				CLANG_WARN_EMPTY_BODY = YES;
				CLANG_WARN_ENUM_CONVERSION = YES;
				CLANG_WARN_INFINITE_RECURSION = YES;
				CLANG_WARN_INT_CONVERSION = YES;
				CLANG_WARN_NON_LITERAL_NULL_CONVERSION = YES;
				CLANG_WARN_OBJC_LITERAL_CONVERSION = YES;
				CLANG_WARN_OBJC_ROOT_CLASS = YES_ERROR;
				CLANG_WARN_RANGE_LOOP_ANALYSIS = YES;
				CLANG_WARN_STRICT_PROTOTYPES = YES;
				CLANG_WARN_SUSPICIOUS_MOVE = YES;
				CLANG_WARN_UNGUARDED_AVAILABILITY = YES_AGGRESSIVE;
				CLANG_WARN_UNREACHABLE_CODE = YES;
				CLANG_WARN__DUPLICATE_METHOD_MATCH = YES;
				CODE_SIGN_IDENTITY = "iPhone Developer";
				COPY_PHASE_STRIP = NO;
				DEBUG_INFORMATION_FORMAT = dwarf;
				ENABLE_STRICT_OBJC_MSGSEND = YES;
				ENABLE_TESTABILITY = YES;
				GCC_C_LANGUAGE_STANDARD = gnu11;
				GCC_DYNAMIC_NO_PIC = NO;
				GCC_NO_COMMON_BLOCKS = YES;
				GCC_OPTIMIZATION_LEVEL = 0;
				GCC_PREPROCESSOR_DEFINITIONS = (
					"DEBUG=1",
					"$(inherited)",
				);
				GCC_WARN_64_TO_32_BIT_CONVERSION = YES;
				GCC_WARN_ABOUT_RETURN_TYPE = YES_ERROR;
				GCC_WARN_UNDECLARED_SELECTOR = YES;
				GCC_WARN_UNINITIALIZED_AUTOS = YES_AGGRESSIVE;
				GCC_WARN_UNUSED_FUNCTION = YES;
				GCC_WARN_UNUSED_VARIABLE = YES;
				IPHONEOS_DEPLOYMENT_TARGET = 11.1;
				MTL_ENABLE_DEBUG_INFO = YES;
				ONLY_ACTIVE_ARCH = YES;
				SDKROOT = iphoneos;
			};
			name = Debug;
		};
		A8BCFF7B1FD68E860094B423 /* Release */ = {
			isa = XCBuildConfiguration;
			buildSettings = {
				ALWAYS_SEARCH_USER_PATHS = NO;
				CLANG_ANALYZER_NONNULL = YES;
				CLANG_ANALYZER_NUMBER_OBJECT_CONVERSION = YES_AGGRESSIVE;
				CLANG_CXX_LANGUAGE_STANDARD = "gnu++14";
				CLANG_CXX_LIBRARY = "libc++";
				CLANG_ENABLE_MODULES = YES;
				CLANG_ENABLE_OBJC_ARC = YES;
				CLANG_WARN_BLOCK_CAPTURE_AUTORELEASING = YES;
				CLANG_WARN_BOOL_CONVERSION = YES;
				CLANG_WARN_COMMA = YES;
				CLANG_WARN_CONSTANT_CONVERSION = YES;
				CLANG_WARN_DIRECT_OBJC_ISA_USAGE = YES_ERROR;
				CLANG_WARN_DOCUMENTATION_COMMENTS = YES;
				CLANG_WARN_EMPTY_BODY = YES;
				CLANG_WARN_ENUM_CONVERSION = YES;
				CLANG_WARN_INFINITE_RECURSION = YES;
				CLANG_WARN_INT_CONVERSION = YES;
				CLANG_WARN_NON_LITERAL_NULL_CONVERSION = YES;
				CLANG_WARN_OBJC_LITERAL_CONVERSION = YES;
				CLANG_WARN_OBJC_ROOT_CLASS = YES_ERROR;
				CLANG_WARN_RANGE_LOOP_ANALYSIS = YES;
				CLANG_WARN_STRICT_PROTOTYPES = YES;
				CLANG_WARN_SUSPICIOUS_MOVE = YES;
				CLANG_WARN_UNGUARDED_AVAILABILITY = YES_AGGRESSIVE;
				CLANG_WARN_UNREACHABLE_CODE = YES;
				CLANG_WARN__DUPLICATE_METHOD_MATCH = YES;
				CODE_SIGN_IDENTITY = "iPhone Developer";
				COPY_PHASE_STRIP = NO;
				DEBUG_INFORMATION_FORMAT = "dwarf-with-dsym";
				ENABLE_NS_ASSERTIONS = NO;
				ENABLE_STRICT_OBJC_MSGSEND = YES;
				GCC_C_LANGUAGE_STANDARD = gnu11;
				GCC_NO_COMMON_BLOCKS = YES;
				GCC_WARN_64_TO_32_BIT_CONVERSION = YES;
				GCC_WARN_ABOUT_RETURN_TYPE = YES_ERROR;
				GCC_WARN_UNDECLARED_SELECTOR = YES;
				GCC_WARN_UNINITIALIZED_AUTOS = YES_AGGRESSIVE;
				GCC_WARN_UNUSED_FUNCTION = YES;
				GCC_WARN_UNUSED_VARIABLE = YES;
				IPHONEOS_DEPLOYMENT_TARGET = 11.1;
				MTL_ENABLE_DEBUG_INFO = NO;
				SDKROOT = iphoneos;
				VALIDATE_PRODUCT = YES;
			};
			name = Release;
		};
		A8BCFF7D1FD68E860094B423 /* Debug */ = {
			isa = XCBuildConfiguration;
			buildSettings = {
				ASSETCATALOG_COMPILER_APPICON_NAME = AppIcon;
				CODE_SIGN_STYLE = Automatic;
				DEVELOPMENT_TEAM = K5MUWKUHGT;
				INFOPLIST_FILE = BasicUtilsTest/Info.plist;
				LD_RUNPATH_SEARCH_PATHS = "$(inherited) @executable_path/Frameworks";
				PRODUCT_BUNDLE_IDENTIFIER = com.cb.BasicUtilsTest;
				PRODUCT_NAME = "$(TARGET_NAME)";
				TARGETED_DEVICE_FAMILY = "1,2";
			};
			name = Debug;
		};
		A8BCFF7E1FD68E860094B423 /* Release */ = {
			isa = XCBuildConfiguration;
			buildSettings = {
				ASSETCATALOG_COMPILER_APPICON_NAME = AppIcon;
				CODE_SIGN_STYLE = Automatic;
				DEVELOPMENT_TEAM = K5MUWKUHGT;
				INFOPLIST_FILE = BasicUtilsTest/Info.plist;
				LD_RUNPATH_SEARCH_PATHS = "$(inherited) @executable_path/Frameworks";
				PRODUCT_BUNDLE_IDENTIFIER = com.cb.BasicUtilsTest;
				PRODUCT_NAME = "$(TARGET_NAME)";
				TARGETED_DEVICE_FAMILY = "1,2";
			};
			name = Release;
		};
		A8BCFF801FD68E860094B423 /* Debug */ = {
			isa = XCBuildConfiguration;
			buildSettings = {
				BUNDLE_LOADER = "$(TEST_HOST)";
				CODE_SIGN_STYLE = Automatic;
				DEVELOPMENT_TEAM = K5MUWKUHGT;
				INFOPLIST_FILE = BasicUtilsTestTests/Info.plist;
				LD_RUNPATH_SEARCH_PATHS = "$(inherited) @executable_path/Frameworks @loader_path/Frameworks";
				PRODUCT_BUNDLE_IDENTIFIER = com.cb.BasicUtilsTestTests;
				PRODUCT_NAME = "$(TARGET_NAME)";
				TARGETED_DEVICE_FAMILY = "1,2";
				TEST_HOST = "$(BUILT_PRODUCTS_DIR)/BasicUtilsTest.app/BasicUtilsTest";
			};
			name = Debug;
		};
		A8BCFF811FD68E860094B423 /* Release */ = {
			isa = XCBuildConfiguration;
			buildSettings = {
				BUNDLE_LOADER = "$(TEST_HOST)";
				CODE_SIGN_STYLE = Automatic;
				DEVELOPMENT_TEAM = K5MUWKUHGT;
				INFOPLIST_FILE = BasicUtilsTestTests/Info.plist;
				LD_RUNPATH_SEARCH_PATHS = "$(inherited) @executable_path/Frameworks @loader_path/Frameworks";
				PRODUCT_BUNDLE_IDENTIFIER = com.cb.BasicUtilsTestTests;
				PRODUCT_NAME = "$(TARGET_NAME)";
				TARGETED_DEVICE_FAMILY = "1,2";
				TEST_HOST = "$(BUILT_PRODUCTS_DIR)/BasicUtilsTest.app/BasicUtilsTest";
			};
			name = Release;
		};
		A8BCFF831FD68E860094B423 /* Debug */ = {
			isa = XCBuildConfiguration;
			buildSettings = {
				CODE_SIGN_STYLE = Automatic;
				DEVELOPMENT_TEAM = K5MUWKUHGT;
				INFOPLIST_FILE = BasicUtilsTestUITests/Info.plist;
				LD_RUNPATH_SEARCH_PATHS = "$(inherited) @executable_path/Frameworks @loader_path/Frameworks";
				PRODUCT_BUNDLE_IDENTIFIER = com.cb.BasicUtilsTestUITests;
				PRODUCT_NAME = "$(TARGET_NAME)";
				TARGETED_DEVICE_FAMILY = "1,2";
				TEST_TARGET_NAME = BasicUtilsTest;
			};
			name = Debug;
		};
		A8BCFF841FD68E860094B423 /* Release */ = {
			isa = XCBuildConfiguration;
			buildSettings = {
				CODE_SIGN_STYLE = Automatic;
				DEVELOPMENT_TEAM = K5MUWKUHGT;
				INFOPLIST_FILE = BasicUtilsTestUITests/Info.plist;
				LD_RUNPATH_SEARCH_PATHS = "$(inherited) @executable_path/Frameworks @loader_path/Frameworks";
				PRODUCT_BUNDLE_IDENTIFIER = com.cb.BasicUtilsTestUITests;
				PRODUCT_NAME = "$(TARGET_NAME)";
				TARGETED_DEVICE_FAMILY = "1,2";
				TEST_TARGET_NAME = BasicUtilsTest;
			};
			name = Release;
		};
/* End XCBuildConfiguration section */

/* Begin XCConfigurationList section */
		A8BCFF4B1FD68E860094B423 /* Build configuration list for PBXProject "BasicUtilsTest" */ = {
			isa = XCConfigurationList;
			buildConfigurations = (
				A8BCFF7A1FD68E860094B423 /* Debug */,
				A8BCFF7B1FD68E860094B423 /* Release */,
			);
			defaultConfigurationIsVisible = 0;
			defaultConfigurationName = Release;
		};
		A8BCFF7C1FD68E860094B423 /* Build configuration list for PBXNativeTarget "BasicUtilsTest" */ = {
			isa = XCConfigurationList;
			buildConfigurations = (
				A8BCFF7D1FD68E860094B423 /* Debug */,
				A8BCFF7E1FD68E860094B423 /* Release */,
			);
			defaultConfigurationIsVisible = 0;
			defaultConfigurationName = Release;
		};
		A8BCFF7F1FD68E860094B423 /* Build configuration list for PBXNativeTarget "BasicUtilsTestTests" */ = {
			isa = XCConfigurationList;
			buildConfigurations = (
				A8BCFF801FD68E860094B423 /* Debug */,
				A8BCFF811FD68E860094B423 /* Release */,
			);
			defaultConfigurationIsVisible = 0;
			defaultConfigurationName = Release;
		};
		A8BCFF821FD68E860094B423 /* Build configuration list for PBXNativeTarget "BasicUtilsTestUITests" */ = {
			isa = XCConfigurationList;
			buildConfigurations = (
				A8BCFF831FD68E860094B423 /* Debug */,
				A8BCFF841FD68E860094B423 /* Release */,
			);
			defaultConfigurationIsVisible = 0;
			defaultConfigurationName = Release;
		};
/* End XCConfigurationList section */
	};
	rootObject = A8BCFF481FD68E860094B423 /* Project object */;
}
