// !$*UTF8*$!
{
	archiveVersion = 1;
	classes = {
	};
	objectVersion = 48;
	objects = {

/* Begin PBXBuildFile section */
		A82B7FF81FD7DD3700BD0F7E /* bank.plist in Resources */ = {isa = PBXBuildFile; fileRef = A82B7FF71FD7DD3700BD0F7E /* bank.plist */; };
		A82B7FF91FD7DD3700BD0F7E /* bank.plist in Resources */ = {isa = PBXBuildFile; fileRef = A82B7FF71FD7DD3700BD0F7E /* bank.plist */; };
		A82B7FFA1FD7DD3700BD0F7E /* bank.plist in Resources */ = {isa = PBXBuildFile; fileRef = A82B7FF71FD7DD3700BD0F7E /* bank.plist */; };
		A82B80091FD7DE5600BD0F7E /* ABBasicVC.m in Sources */ = {isa = PBXBuildFile; fileRef = A82B7FFE1FD7DE5600BD0F7E /* ABBasicVC.m */; };
		A82B800A1FD7DE5600BD0F7E /* ABBasicVC.m in Sources */ = {isa = PBXBuildFile; fileRef = A82B7FFE1FD7DE5600BD0F7E /* ABBasicVC.m */; };
		A82B800B1FD7DE5600BD0F7E /* ABBasicVC.m in Sources */ = {isa = PBXBuildFile; fileRef = A82B7FFE1FD7DE5600BD0F7E /* ABBasicVC.m */; };
		A82B800C1FD7DE5600BD0F7E /* ABTableVC.m in Sources */ = {isa = PBXBuildFile; fileRef = A82B7FFF1FD7DE5600BD0F7E /* ABTableVC.m */; };
		A82B800D1FD7DE5600BD0F7E /* ABTableVC.m in Sources */ = {isa = PBXBuildFile; fileRef = A82B7FFF1FD7DE5600BD0F7E /* ABTableVC.m */; };
		A82B800E1FD7DE5600BD0F7E /* ABTableVC.m in Sources */ = {isa = PBXBuildFile; fileRef = A82B7FFF1FD7DE5600BD0F7E /* ABTableVC.m */; };
		A82B800F1FD7DE5600BD0F7E /* ABImagePicker.m in Sources */ = {isa = PBXBuildFile; fileRef = A82B80001FD7DE5600BD0F7E /* ABImagePicker.m */; };
		A82B80101FD7DE5600BD0F7E /* ABImagePicker.m in Sources */ = {isa = PBXBuildFile; fileRef = A82B80001FD7DE5600BD0F7E /* ABImagePicker.m */; };
		A82B80111FD7DE5600BD0F7E /* ABImagePicker.m in Sources */ = {isa = PBXBuildFile; fileRef = A82B80001FD7DE5600BD0F7E /* ABImagePicker.m */; };
		A82B80121FD7DE5600BD0F7E /* ABRootNavVC.m in Sources */ = {isa = PBXBuildFile; fileRef = A82B80011FD7DE5600BD0F7E /* ABRootNavVC.m */; };
		A82B80131FD7DE5600BD0F7E /* ABRootNavVC.m in Sources */ = {isa = PBXBuildFile; fileRef = A82B80011FD7DE5600BD0F7E /* ABRootNavVC.m */; };
		A82B80141FD7DE5600BD0F7E /* ABRootNavVC.m in Sources */ = {isa = PBXBuildFile; fileRef = A82B80011FD7DE5600BD0F7E /* ABRootNavVC.m */; };
		A82B80151FD7DE5600BD0F7E /* DATabBarVC.m in Sources */ = {isa = PBXBuildFile; fileRef = A82B80021FD7DE5600BD0F7E /* DATabBarVC.m */; };
		A82B80161FD7DE5600BD0F7E /* DATabBarVC.m in Sources */ = {isa = PBXBuildFile; fileRef = A82B80021FD7DE5600BD0F7E /* DATabBarVC.m */; };
		A82B80171FD7DE5600BD0F7E /* DATabBarVC.m in Sources */ = {isa = PBXBuildFile; fileRef = A82B80021FD7DE5600BD0F7E /* DATabBarVC.m */; };
		A82B80181FD7DE5600BD0F7E /* ABMustLable.m in Sources */ = {isa = PBXBuildFile; fileRef = A82B80031FD7DE5600BD0F7E /* ABMustLable.m */; };
		A82B80191FD7DE5600BD0F7E /* ABMustLable.m in Sources */ = {isa = PBXBuildFile; fileRef = A82B80031FD7DE5600BD0F7E /* ABMustLable.m */; };
		A82B801A1FD7DE5600BD0F7E /* ABMustLable.m in Sources */ = {isa = PBXBuildFile; fileRef = A82B80031FD7DE5600BD0F7E /* ABMustLable.m */; };
		A8BC024A1FD7C47A0094B423 /* CBURLSession.m in Sources */ = {isa = PBXBuildFile; fileRef = A8BC02451FD7C47A0094B423 /* CBURLSession.m */; };
		A8BC024B1FD7C47A0094B423 /* CBURLSession.m in Sources */ = {isa = PBXBuildFile; fileRef = A8BC02451FD7C47A0094B423 /* CBURLSession.m */; };
		A8BC024C1FD7C47A0094B423 /* CBURLSession.m in Sources */ = {isa = PBXBuildFile; fileRef = A8BC02451FD7C47A0094B423 /* CBURLSession.m */; };
		A8BC024D1FD7C47A0094B423 /* APIClient.m in Sources */ = {isa = PBXBuildFile; fileRef = A8BC02491FD7C47A0094B423 /* APIClient.m */; };
		A8BC024E1FD7C47A0094B423 /* APIClient.m in Sources */ = {isa = PBXBuildFile; fileRef = A8BC02491FD7C47A0094B423 /* APIClient.m */; };
		A8BC024F1FD7C47A0094B423 /* APIClient.m in Sources */ = {isa = PBXBuildFile; fileRef = A8BC02491FD7C47A0094B423 /* APIClient.m */; };
		A8BC02B41FD7C77A0094B423 /* JsonFileUtils.m in Sources */ = {isa = PBXBuildFile; fileRef = A8BC02A91FD7C77A0094B423 /* JsonFileUtils.m */; };
		A8BC02B51FD7C77A0094B423 /* JsonFileUtils.m in Sources */ = {isa = PBXBuildFile; fileRef = A8BC02A91FD7C77A0094B423 /* JsonFileUtils.m */; };
		A8BC02B61FD7C77A0094B423 /* JsonFileUtils.m in Sources */ = {isa = PBXBuildFile; fileRef = A8BC02A91FD7C77A0094B423 /* JsonFileUtils.m */; };
		A8BC02B71FD7C77A0094B423 /* DateUtils.m in Sources */ = {isa = PBXBuildFile; fileRef = A8BC02AA1FD7C77A0094B423 /* DateUtils.m */; };
		A8BC02B81FD7C77A0094B423 /* DateUtils.m in Sources */ = {isa = PBXBuildFile; fileRef = A8BC02AA1FD7C77A0094B423 /* DateUtils.m */; };
		A8BC02B91FD7C77A0094B423 /* DateUtils.m in Sources */ = {isa = PBXBuildFile; fileRef = A8BC02AA1FD7C77A0094B423 /* DateUtils.m */; };
		A8BC02BA1FD7C77A0094B423 /* CBVerifyTool.m in Sources */ = {isa = PBXBuildFile; fileRef = A8BC02AB1FD7C77A0094B423 /* CBVerifyTool.m */; };
		A8BC02BB1FD7C77A0094B423 /* CBVerifyTool.m in Sources */ = {isa = PBXBuildFile; fileRef = A8BC02AB1FD7C77A0094B423 /* CBVerifyTool.m */; };
		A8BC02BC1FD7C77A0094B423 /* CBVerifyTool.m in Sources */ = {isa = PBXBuildFile; fileRef = A8BC02AB1FD7C77A0094B423 /* CBVerifyTool.m */; };
		A8BC02C01FD7C77A0094B423 /* MentoreUitls.m in Sources */ = {isa = PBXBuildFile; fileRef = A8BC02AF1FD7C77A0094B423 /* MentoreUitls.m */; };
		A8BC02C11FD7C77A0094B423 /* MentoreUitls.m in Sources */ = {isa = PBXBuildFile; fileRef = A8BC02AF1FD7C77A0094B423 /* MentoreUitls.m */; };
		A8BC02C21FD7C77A0094B423 /* MentoreUitls.m in Sources */ = {isa = PBXBuildFile; fileRef = A8BC02AF1FD7C77A0094B423 /* MentoreUitls.m */; };
		A8BCFF551FD68E860094B423 /* AppDelegate.m in Sources */ = {isa = PBXBuildFile; fileRef = A8BCFF541FD68E860094B423 /* AppDelegate.m */; };
		A8BCFF581FD68E860094B423 /* ViewController.m in Sources */ = {isa = PBXBuildFile; fileRef = A8BCFF571FD68E860094B423 /* ViewController.m */; };
		A8BCFF5B1FD68E860094B423 /* Main.storyboard in Resources */ = {isa = PBXBuildFile; fileRef = A8BCFF591FD68E860094B423 /* Main.storyboard */; };
		A8BCFF5D1FD68E860094B423 /* Assets.xcassets in Resources */ = {isa = PBXBuildFile; fileRef = A8BCFF5C1FD68E860094B423 /* Assets.xcassets */; };
		A8BCFF601FD68E860094B423 /* LaunchScreen.storyboard in Resources */ = {isa = PBXBuildFile; fileRef = A8BCFF5E1FD68E860094B423 /* LaunchScreen.storyboard */; };
		A8BCFF631FD68E860094B423 /* main.m in Sources */ = {isa = PBXBuildFile; fileRef = A8BCFF621FD68E860094B423 /* main.m */; };
		A8BCFF6D1FD68E860094B423 /* BasicUtilsTestTests.m in Sources */ = {isa = PBXBuildFile; fileRef = A8BCFF6C1FD68E860094B423 /* BasicUtilsTestTests.m */; };
		A8BCFF781FD68E860094B423 /* BasicUtilsTestUITests.m in Sources */ = {isa = PBXBuildFile; fileRef = A8BCFF771FD68E860094B423 /* BasicUtilsTestUITests.m */; };
/* End PBXBuildFile section */

/* Begin PBXContainerItemProxy section */
		A8BCFF691FD68E860094B423 /* PBXContainerItemProxy */ = {
			isa = PBXContainerItemProxy;
			containerPortal = A8BCFF481FD68E860094B423 /* Project object */;
			proxyType = 1;
			remoteGlobalIDString = A8BCFF4F1FD68E860094B423;
			remoteInfo = BasicUtilsTest;
		};
		A8BCFF741FD68E860094B423 /* PBXContainerItemProxy */ = {
			isa = PBXContainerItemProxy;
			containerPortal = A8BCFF481FD68E860094B423 /* Project object */;
			proxyType = 1;
			remoteGlobalIDString = A8BCFF4F1FD68E860094B423;
			remoteInfo = BasicUtilsTest;
		};
/* End PBXContainerItemProxy section */

/* Begin PBXFileReference section */
		A82B7FF71FD7DD3700BD0F7E /* bank.plist */ = {isa = PBXFileReference; fileEncoding = 4; lastKnownFileType = text.plist.xml; path = bank.plist; sourceTree = "<group>"; };
		A82B7FFC1FD7DE5600BD0F7E /* CBBasicVCHeader.h */ = {isa = PBXFileReference; fileEncoding = 4; lastKnownFileType = sourcecode.c.h; path = CBBasicVCHeader.h; sourceTree = "<group>"; };
		A82B7FFD1FD7DE5600BD0F7E /* ABMustLable.h */ = {isa = PBXFileReference; fileEncoding = 4; lastKnownFileType = sourcecode.c.h; path = ABMustLable.h; sourceTree = "<group>"; };
		A82B7FFE1FD7DE5600BD0F7E /* ABBasicVC.m */ = {isa = PBXFileReference; fileEncoding = 4; lastKnownFileType = sourcecode.c.objc; path = ABBasicVC.m; sourceTree = "<group>"; };
		A82B7FFF1FD7DE5600BD0F7E /* ABTableVC.m */ = {isa = PBXFileReference; fileEncoding = 4; lastKnownFileType = sourcecode.c.objc; path = ABTableVC.m; sourceTree = "<group>"; };
		A82B80001FD7DE5600BD0F7E /* ABImagePicker.m */ = {isa = PBXFileReference; fileEncoding = 4; lastKnownFileType = sourcecode.c.objc; path = ABImagePicker.m; sourceTree = "<group>"; };
		A82B80011FD7DE5600BD0F7E /* ABRootNavVC.m */ = {isa = PBXFileReference; fileEncoding = 4; lastKnownFileType = sourcecode.c.objc; path = ABRootNavVC.m; sourceTree = "<group>"; };
		A82B80021FD7DE5600BD0F7E /* DATabBarVC.m */ = {isa = PBXFileReference; fileEncoding = 4; lastKnownFileType = sourcecode.c.objc; path = DATabBarVC.m; sourceTree = "<group>"; };
		A82B80031FD7DE5600BD0F7E /* ABMustLable.m */ = {isa = PBXFileReference; fileEncoding = 4; lastKnownFileType = sourcecode.c.objc; path = ABMustLable.m; sourceTree = "<group>"; };
		A82B80041FD7DE5600BD0F7E /* ABImagePicker.h */ = {isa = PBXFileReference; fileEncoding = 4; lastKnownFileType = sourcecode.c.h; path = ABImagePicker.h; sourceTree = "<group>"; };
		A82B80051FD7DE5600BD0F7E /* ABTableVC.h */ = {isa = PBXFileReference; fileEncoding = 4; lastKnownFileType = sourcecode.c.h; path = ABTableVC.h; sourceTree = "<group>"; };
		A82B80061FD7DE5600BD0F7E /* ABBasicVC.h */ = {isa = PBXFileReference; fileEncoding = 4; lastKnownFileType = sourcecode.c.h; path = ABBasicVC.h; sourceTree = "<group>"; };
		A82B80071FD7DE5600BD0F7E /* ABRootNavVC.h */ = {isa = PBXFileReference; fileEncoding = 4; lastKnownFileType = sourcecode.c.h; path = ABRootNavVC.h; sourceTree = "<group>"; };
		A82B80081FD7DE5600BD0F7E /* DATabBarVC.h */ = {isa = PBXFileReference; fileEncoding = 4; lastKnownFileType = sourcecode.c.h; path = DATabBarVC.h; sourceTree = "<group>"; };
		A8BC02451FD7C47A0094B423 /* CBURLSession.m */ = {isa = PBXFileReference; fileEncoding = 4; lastKnownFileType = sourcecode.c.objc; path = CBURLSession.m; sourceTree = "<group>"; };
		A8BC02471FD7C47A0094B423 /* APIClient.h */ = {isa = PBXFileReference; fileEncoding = 4; lastKnownFileType = sourcecode.c.h; path = APIClient.h; sourceTree = "<group>"; };
		A8BC02481FD7C47A0094B423 /* CBURLSession.h */ = {isa = PBXFileReference; fileEncoding = 4; lastKnownFileType = sourcecode.c.h; path = CBURLSession.h; sourceTree = "<group>"; };
		A8BC02491FD7C47A0094B423 /* APIClient.m */ = {isa = PBXFileReference; fileEncoding = 4; lastKnownFileType = sourcecode.c.objc; path = APIClient.m; sourceTree = "<group>"; };
		A8BC02511FD7C6690094B423 /* ABCreditHeader.h */ = {isa = PBXFileReference; fileEncoding = 4; lastKnownFileType = sourcecode.c.h; path = ABCreditHeader.h; sourceTree = "<group>"; };
		A8BC02A81FD7C77A0094B423 /* CBUtilsHeader.h */ = {isa = PBXFileReference; fileEncoding = 4; lastKnownFileType = sourcecode.c.h; path = CBUtilsHeader.h; sourceTree = "<group>"; };
		A8BC02A91FD7C77A0094B423 /* JsonFileUtils.m */ = {isa = PBXFileReference; fileEncoding = 4; lastKnownFileType = sourcecode.c.objc; path = JsonFileUtils.m; sourceTree = "<group>"; };
		A8BC02AA1FD7C77A0094B423 /* DateUtils.m */ = {isa = PBXFileReference; fileEncoding = 4; lastKnownFileType = sourcecode.c.objc; path = DateUtils.m; sourceTree = "<group>"; };
		A8BC02AB1FD7C77A0094B423 /* CBVerifyTool.m */ = {isa = PBXFileReference; fileEncoding = 4; lastKnownFileType = sourcecode.c.objc; path = CBVerifyTool.m; sourceTree = "<group>"; };
		A8BC02AC1FD7C77A0094B423 /* MentoreUitls.h */ = {isa = PBXFileReference; fileEncoding = 4; lastKnownFileType = sourcecode.c.h; path = MentoreUitls.h; sourceTree = "<group>"; };
		A8BC02AF1FD7C77A0094B423 /* MentoreUitls.m */ = {isa = PBXFileReference; fileEncoding = 4; lastKnownFileType = sourcecode.c.objc; path = MentoreUitls.m; sourceTree = "<group>"; };
		A8BC02B01FD7C77A0094B423 /* CBVerifyTool.h */ = {isa = PBXFileReference; fileEncoding = 4; lastKnownFileType = sourcecode.c.h; path = CBVerifyTool.h; sourceTree = "<group>"; };
		A8BC02B11FD7C77A0094B423 /* DateUtils.h */ = {isa = PBXFileReference; fileEncoding = 4; lastKnownFileType = sourcecode.c.h; path = DateUtils.h; sourceTree = "<group>"; };
		A8BC02B21FD7C77A0094B423 /* JsonFileUtils.h */ = {isa = PBXFileReference; fileEncoding = 4; lastKnownFileType = sourcecode.c.h; path = JsonFileUtils.h; sourceTree = "<group>"; };
		A8BCFF501FD68E860094B423 /* BasicUtilsTest.app */ = {isa = PBXFileReference; explicitFileType = wrapper.application; includeInIndex = 0; path = BasicUtilsTest.app; sourceTree = BUILT_PRODUCTS_DIR; };
		A8BCFF531FD68E860094B423 /* AppDelegate.h */ = {isa = PBXFileReference; lastKnownFileType = sourcecode.c.h; path = AppDelegate.h; sourceTree = "<group>"; };
		A8BCFF541FD68E860094B423 /* AppDelegate.m */ = {isa = PBXFileReference; lastKnownFileType = sourcecode.c.objc; path = AppDelegate.m; sourceTree = "<group>"; };
		A8BCFF561FD68E860094B423 /* ViewController.h */ = {isa = PBXFileReference; lastKnownFileType = sourcecode.c.h; path = ViewController.h; sourceTree = "<group>"; };
		A8BCFF571FD68E860094B423 /* ViewController.m */ = {isa = PBXFileReference; lastKnownFileType = sourcecode.c.objc; path = ViewController.m; sourceTree = "<group>"; };
		A8BCFF5A1FD68E860094B423 /* Base */ = {isa = PBXFileReference; lastKnownFileType = file.storyboard; name = Base; path = Base.lproj/Main.storyboard; sourceTree = "<group>"; };
		A8BCFF5C1FD68E860094B423 /* Assets.xcassets */ = {isa = PBXFileReference; lastKnownFileType = folder.assetcatalog; path = Assets.xcassets; sourceTree = "<group>"; };
		A8BCFF5F1FD68E860094B423 /* Base */ = {isa = PBXFileReference; lastKnownFileType = file.storyboard; name = Base; path = Base.lproj/LaunchScreen.storyboard; sourceTree = "<group>"; };
		A8BCFF611FD68E860094B423 /* Info.plist */ = {isa = PBXFileReference; lastKnownFileType = text.plist.xml; path = Info.plist; sourceTree = "<group>"; };
		A8BCFF621FD68E860094B423 /* main.m */ = {isa = PBXFileReference; lastKnownFileType = sourcecode.c.objc; path = main.m; sourceTree = "<group>"; };
		A8BCFF681FD68E860094B423 /* BasicUtilsTestTests.xctest */ = {isa = PBXFileReference; explicitFileType = wrapper.cfbundle; includeInIndex = 0; path = BasicUtilsTestTests.xctest; sourceTree = BUILT_PRODUCTS_DIR; };
		A8BCFF6C1FD68E860094B423 /* BasicUtilsTestTests.m */ = {isa = PBXFileReference; lastKnownFileType = sourcecode.c.objc; path = BasicUtilsTestTests.m; sourceTree = "<group>"; };
		A8BCFF6E1FD68E860094B423 /* Info.plist */ = {isa = PBXFileReference; lastKnownFileType = text.plist.xml; path = Info.plist; sourceTree = "<group>"; };
		A8BCFF731FD68E860094B423 /* BasicUtilsTestUITests.xctest */ = {isa = PBXFileReference; explicitFileType = wrapper.cfbundle; includeInIndex = 0; path = BasicUtilsTestUITests.xctest; sourceTree = BUILT_PRODUCTS_DIR; };
		A8BCFF771FD68E860094B423 /* BasicUtilsTestUITests.m */ = {isa = PBXFileReference; lastKnownFileType = sourcecode.c.objc; path = BasicUtilsTestUITests.m; sourceTree = "<group>"; };
		A8BCFF791FD68E860094B423 /* Info.plist */ = {isa = PBXFileReference; lastKnownFileType = text.plist.xml; path = Info.plist; sourceTree = "<group>"; };
/* End PBXFileReference section */

/* Begin PBXFrameworksBuildPhase section */
		A8BCFF4D1FD68E860094B423 /* Frameworks */ = {
			isa = PBXFrameworksBuildPhase;
			buildActionMask = 2147483647;
			files = (
			);
			runOnlyForDeploymentPostprocessing = 0;
		};
		A8BCFF651FD68E860094B423 /* Frameworks */ = {
			isa = PBXFrameworksBuildPhase;
			buildActionMask = 2147483647;
			files = (
			);
			runOnlyForDeploymentPostprocessing = 0;
		};
		A8BCFF701FD68E860094B423 /* Frameworks */ = {
			isa = PBXFrameworksBuildPhase;
			buildActionMask = 2147483647;
			files = (
			);
			runOnlyForDeploymentPostprocessing = 0;
		};
/* End PBXFrameworksBuildPhase section */

/* Begin PBXGroup section */
		A82B7FF61FD7DD3700BD0F7E /* Resource */ = {
			isa = PBXGroup;
			children = (
				A82B7FF71FD7DD3700BD0F7E /* bank.plist */,
			);
			path = Resource;
			sourceTree = "<group>";
		};
		A82B7FFB1FD7DE5600BD0F7E /* BasicVC */ = {
			isa = PBXGroup;
			children = (
				A82B80061FD7DE5600BD0F7E /* ABBasicVC.h */,
				A82B7FFE1FD7DE5600BD0F7E /* ABBasicVC.m */,
				A82B80041FD7DE5600BD0F7E /* ABImagePicker.h */,
				A82B80001FD7DE5600BD0F7E /* ABImagePicker.m */,
				A82B7FFD1FD7DE5600BD0F7E /* ABMustLable.h */,
				A82B80031FD7DE5600BD0F7E /* ABMustLable.m */,
				A82B80071FD7DE5600BD0F7E /* ABRootNavVC.h */,
				A82B80011FD7DE5600BD0F7E /* ABRootNavVC.m */,
				A82B80051FD7DE5600BD0F7E /* ABTableVC.h */,
				A82B7FFF1FD7DE5600BD0F7E /* ABTableVC.m */,
				A82B7FFC1FD7DE5600BD0F7E /* CBBasicVCHeader.h */,
				A82B80081FD7DE5600BD0F7E /* DATabBarVC.h */,
				A82B80021FD7DE5600BD0F7E /* DATabBarVC.m */,
			);
			path = BasicVC;
			sourceTree = "<group>";
		};
		A8BC02431FD7C47A0094B423 /* src */ = {
			isa = PBXGroup;
			children = (
				A82B7FF61FD7DD3700BD0F7E /* Resource */,
				A82B7FFB1FD7DE5600BD0F7E /* BasicVC */,
				A8BC02A61FD7C77A0094B423 /* Util */,
				A8BC02501FD7C6690094B423 /* MacroAndConstant */,
				A8BC02441FD7C47A0094B423 /* Requset */,
			);
			name = src;
			path = ../../src;
			sourceTree = "<group>";
		};
		A8BC02441FD7C47A0094B423 /* Requset */ = {
			isa = PBXGroup;
			children = (
				A8BC02451FD7C47A0094B423 /* CBURLSession.m */,
				A8BC02471FD7C47A0094B423 /* APIClient.h */,
				A8BC02481FD7C47A0094B423 /* CBURLSession.h */,
				A8BC02491FD7C47A0094B423 /* APIClient.m */,
			);
			path = Requset;
			sourceTree = "<group>";
		};
		A8BC02501FD7C6690094B423 /* MacroAndConstant */ = {
			isa = PBXGroup;
			children = (
				A8BC02511FD7C6690094B423 /* ABCreditHeader.h */,
			);
			path = MacroAndConstant;
			sourceTree = "<group>";
		};
		A8BC02A61FD7C77A0094B423 /* Util */ = {
			isa = PBXGroup;
			children = (
				A8BC02A81FD7C77A0094B423 /* CBUtilsHeader.h */,
				A8BC02B01FD7C77A0094B423 /* CBVerifyTool.h */,
				A8BC02AB1FD7C77A0094B423 /* CBVerifyTool.m */,
				A8BC02B11FD7C77A0094B423 /* DateUtils.h */,
				A8BC02AA1FD7C77A0094B423 /* DateUtils.m */,
				A8BC02B21FD7C77A0094B423 /* JsonFileUtils.h */,
				A8BC02A91FD7C77A0094B423 /* JsonFileUtils.m */,
				A8BC02AC1FD7C77A0094B423 /* MentoreUitls.h */,
				A8BC02AF1FD7C77A0094B423 /* MentoreUitls.m */,
			);
			path = Util;
			sourceTree = "<group>";
		};
		A8BCFF471FD68E860094B423 = {
			isa = PBXGroup;
			children = (
				A8BCFF521FD68E860094B423 /* BasicUtilsTest */,
				A8BCFF6B1FD68E860094B423 /* BasicUtilsTestTests */,
				A8BCFF761FD68E860094B423 /* BasicUtilsTestUITests */,
				A8BCFF511FD68E860094B423 /* Products */,
			);
			sourceTree = "<group>";
		};
		A8BCFF511FD68E860094B423 /* Products */ = {
			isa = PBXGroup;
			children = (
				A8BCFF501FD68E860094B423 /* BasicUtilsTest.app */,
				A8BCFF681FD68E860094B423 /* BasicUtilsTestTests.xctest */,
				A8BCFF731FD68E860094B423 /* BasicUtilsTestUITests.xctest */,
			);
			name = Products;
			sourceTree = "<group>";
		};
		A8BCFF521FD68E860094B423 /* BasicUtilsTest */ = {
			isa = PBXGroup;
			children = (
				A8BC02431FD7C47A0094B423 /* src */,
				A8BCFF531FD68E860094B423 /* AppDelegate.h */,
				A8BCFF541FD68E860094B423 /* AppDelegate.m */,
				A8BCFF561FD68E860094B423 /* ViewController.h */,
				A8BCFF571FD68E860094B423 /* ViewController.m */,
				A8BCFF591FD68E860094B423 /* Main.storyboard */,
				A8BCFF5C1FD68E860094B423 /* Assets.xcassets */,
				A8BCFF5E1FD68E860094B423 /* LaunchScreen.storyboard */,
				A8BCFF611FD68E860094B423 /* Info.plist */,
				A8BCFF621FD68E860094B423 /* main.m */,
			);
			path = BasicUtilsTest;
			sourceTree = "<group>";
		};
		A8BCFF6B1FD68E860094B423 /* BasicUtilsTestTests */ = {
			isa = PBXGroup;
			children = (
				A8BCFF6C1FD68E860094B423 /* BasicUtilsTestTests.m */,
				A8BCFF6E1FD68E860094B423 /* Info.plist */,
			);
			path = BasicUtilsTestTests;
			sourceTree = "<group>";
		};
		A8BCFF761FD68E860094B423 /* BasicUtilsTestUITests */ = {
			isa = PBXGroup;
			children = (
				A8BCFF771FD68E860094B423 /* BasicUtilsTestUITests.m */,
				A8BCFF791FD68E860094B423 /* Info.plist */,
			);
			path = BasicUtilsTestUITests;
			sourceTree = "<group>";
		};
/* End PBXGroup section */

/* Begin PBXNativeTarget section */
		A8BCFF4F1FD68E860094B423 /* BasicUtilsTest */ = {
			isa = PBXNativeTarget;
			buildConfigurationList = A8BCFF7C1FD68E860094B423 /* Build configuration list for PBXNativeTarget "BasicUtilsTest" */;
			buildPhases = (
				A8BCFF4C1FD68E860094B423 /* Sources */,
				A8BCFF4D1FD68E860094B423 /* Frameworks */,
				A8BCFF4E1FD68E860094B423 /* Resources */,
			);
			buildRules = (
			);
			dependencies = (
			);
			name = BasicUtilsTest;
			productName = BasicUtilsTest;
			productReference = A8BCFF501FD68E860094B423 /* BasicUtilsTest.app */;
			productType = "com.apple.product-type.application";
		};
		A8BCFF671FD68E860094B423 /* BasicUtilsTestTests */ = {
			isa = PBXNativeTarget;
			buildConfigurationList = A8BCFF7F1FD68E860094B423 /* Build configuration list for PBXNativeTarget "BasicUtilsTestTests" */;
			buildPhases = (
				A8BCFF641FD68E860094B423 /* Sources */,
				A8BCFF651FD68E860094B423 /* Frameworks */,
				A8BCFF661FD68E860094B423 /* Resources */,
			);
			buildRules = (
			);
			dependencies = (
				A8BCFF6A1FD68E860094B423 /* PBXTargetDependency */,
			);
			name = BasicUtilsTestTests;
			productName = BasicUtilsTestTests;
			productReference = A8BCFF681FD68E860094B423 /* BasicUtilsTestTests.xctest */;
			productType = "com.apple.product-type.bundle.unit-test";
		};
		A8BCFF721FD68E860094B423 /* BasicUtilsTestUITests */ = {
			isa = PBXNativeTarget;
			buildConfigurationList = A8BCFF821FD68E860094B423 /* Build configuration list for PBXNativeTarget "BasicUtilsTestUITests" */;
			buildPhases = (
				A8BCFF6F1FD68E860094B423 /* Sources */,
				A8BCFF701FD68E860094B423 /* Frameworks */,
				A8BCFF711FD68E860094B423 /* Resources */,
			);
			buildRules = (
			);
			dependencies = (
				A8BCFF751FD68E860094B423 /* PBXTargetDependency */,
			);
			name = BasicUtilsTestUITests;
			productName = BasicUtilsTestUITests;
			productReference = A8BCFF731FD68E860094B423 /* BasicUtilsTestUITests.xctest */;
			productType = "com.apple.product-type.bundle.ui-testing";
		};
/* End PBXNativeTarget section */

/* Begin PBXProject section */
		A8BCFF481FD68E860094B423 /* Project object */ = {
			isa = PBXProject;
			attributes = {
				LastUpgradeCheck = 0910;
				ORGANIZATIONNAME = caobo56;
				TargetAttributes = {
					A8BCFF4F1FD68E860094B423 = {
						CreatedOnToolsVersion = 9.1;
						ProvisioningStyle = Automatic;
					};
					A8BCFF671FD68E860094B423 = {
						CreatedOnToolsVersion = 9.1;
						ProvisioningStyle = Automatic;
						TestTargetID = A8BCFF4F1FD68E860094B423;
					};
					A8BCFF721FD68E860094B423 = {
						CreatedOnToolsVersion = 9.1;
						ProvisioningStyle = Automatic;
						TestTargetID = A8BCFF4F1FD68E860094B423;
					};
				};
			};
			buildConfigurationList = A8BCFF4B1FD68E860094B423 /* Build configuration list for PBXProject "BasicUtilsTest" */;
			compatibilityVersion = "Xcode 8.0";
			developmentRegion = en;
			hasScannedForEncodings = 0;
			knownRegions = (
				en,
				Base,
			);
			mainGroup = A8BCFF471FD68E860094B423;
			productRefGroup = A8BCFF511FD68E860094B423 /* Products */;
			projectDirPath = "";
			projectRoot = "";
			targets = (
				A8BCFF4F1FD68E860094B423 /* BasicUtilsTest */,
				A8BCFF671FD68E860094B423 /* BasicUtilsTestTests */,
				A8BCFF721FD68E860094B423 /* BasicUtilsTestUITests */,
			);
		};
/* End PBXProject section */

/* Begin PBXResourcesBuildPhase section */
		A8BCFF4E1FD68E860094B423 /* Resources */ = {
			isa = PBXResourcesBuildPhase;
			buildActionMask = 2147483647;
			files = (
				A82B7FF81FD7DD3700BD0F7E /* bank.plist in Resources */,
				A8BCFF601FD68E860094B423 /* LaunchScreen.storyboard in Resources */,
				A8BCFF5D1FD68E860094B423 /* Assets.xcassets in Resources */,
				A8BCFF5B1FD68E860094B423 /* Main.storyboard in Resources */,
			);
			runOnlyForDeploymentPostprocessing = 0;
		};
		A8BCFF661FD68E860094B423 /* Resources */ = {
			isa = PBXResourcesBuildPhase;
			buildActionMask = 2147483647;
			files = (
				A82B7FF91FD7DD3700BD0F7E /* bank.plist in Resources */,
			);
			runOnlyForDeploymentPostprocessing = 0;
		};
		A8BCFF711FD68E860094B423 /* Resources */ = {
			isa = PBXResourcesBuildPhase;
			buildActionMask = 2147483647;
			files = (
				A82B7FFA1FD7DD3700BD0F7E /* bank.plist in Resources */,
			);
			runOnlyForDeploymentPostprocessing = 0;
		};
/* End PBXResourcesBuildPhase section */

/* Begin PBXSourcesBuildPhase section */
		A8BCFF4C1FD68E860094B423 /* Sources */ = {
			isa = PBXSourcesBuildPhase;
			buildActionMask = 2147483647;
			files = (
				A8BC024D1FD7C47A0094B423 /* APIClient.m in Sources */,
				A8BC02BA1FD7C77A0094B423 /* CBVerifyTool.m in Sources */,
				A82B800F1FD7DE5600BD0F7E /* ABImagePicker.m in Sources */,
				A82B80151FD7DE5600BD0F7E /* DATabBarVC.m in Sources */,
				A82B80091FD7DE5600BD0F7E /* ABBasicVC.m in Sources */,
				A82B800C1FD7DE5600BD0F7E /* ABTableVC.m in Sources */,
				A8BCFF581FD68E860094B423 /* ViewController.m in Sources */,
				A8BC024A1FD7C47A0094B423 /* CBURLSession.m in Sources */,
				A8BC02B41FD7C77A0094B423 /* JsonFileUtils.m in Sources */,
				A8BCFF631FD68E860094B423 /* main.m in Sources */,
				A82B80181FD7DE5600BD0F7E /* ABMustLable.m in Sources */,
				A8BCFF551FD68E860094B423 /* AppDelegate.m in Sources */,
				A82B80121FD7DE5600BD0F7E /* ABRootNavVC.m in Sources */,
				A8BC02B71FD7C77A0094B423 /* DateUtils.m in Sources */,
				A8BC02C01FD7C77A0094B423 /* MentoreUitls.m in Sources */,
			);
			runOnlyForDeploymentPostprocessing = 0;
		};
		A8BCFF641FD68E860094B423 /* Sources */ = {
			isa = PBXSourcesBuildPhase;
			buildActionMask = 2147483647;
			files = (
				A8BC02B81FD7C77A0094B423 /* DateUtils.m in Sources */,
				A82B80161FD7DE5600BD0F7E /* DATabBarVC.m in Sources */,
				A8BCFF6D1FD68E860094B423 /* BasicUtilsTestTests.m in Sources */,
				A82B80191FD7DE5600BD0F7E /* ABMustLable.m in Sources */,
				A8BC02B51FD7C77A0094B423 /* JsonFileUtils.m in Sources */,
				A8BC02C11FD7C77A0094B423 /* MentoreUitls.m in Sources */,
				A82B80101FD7DE5600BD0F7E /* ABImagePicker.m in Sources */,
				A82B800D1FD7DE5600BD0F7E /* ABTableVC.m in Sources */,
				A82B800A1FD7DE5600BD0F7E /* ABBasicVC.m in Sources */,
				A8BC02BB1FD7C77A0094B423 /* CBVerifyTool.m in Sources */,
				A82B80131FD7DE5600BD0F7E /* ABRootNavVC.m in Sources */,
				A8BC024E1FD7C47A0094B423 /* APIClient.m in Sources */,
				A8BC024B1FD7C47A0094B423 /* CBURLSession.m in Sources */,
			);
			runOnlyForDeploymentPostprocessing = 0;
		};
		A8BCFF6F1FD68E860094B423 /* Sources */ = {
			isa = PBXSourcesBuildPhase;
			buildActionMask = 2147483647;
			files = (
				A8BC02B91FD7C77A0094B423 /* DateUtils.m in Sources */,
				A82B80171FD7DE5600BD0F7E /* DATabBarVC.m in Sources */,
				A8BCFF781FD68E860094B423 /* BasicUtilsTestUITests.m in Sources */,
				A82B801A1FD7DE5600BD0F7E /* ABMustLable.m in Sources */,
				A8BC02B61FD7C77A0094B423 /* JsonFileUtils.m in Sources */,
				A8BC02C21FD7C77A0094B423 /* MentoreUitls.m in Sources */,
				A82B80111FD7DE5600BD0F7E /* ABImagePicker.m in Sources */,
				A82B800E1FD7DE5600BD0F7E /* ABTableVC.m in Sources */,
				A82B800B1FD7DE5600BD0F7E /* ABBasicVC.m in Sources */,
				A8BC02BC1FD7C77A0094B423 /* CBVerifyTool.m in Sources */,
				A82B80141FD7DE5600BD0F7E /* ABRootNavVC.m in Sources */,
				A8BC024F1FD7C47A0094B423 /* APIClient.m in Sources */,
				A8BC024C1FD7C47A0094B423 /* CBURLSession.m in Sources */,
			);
			runOnlyForDeploymentPostprocessing = 0;
		};
/* End PBXSourcesBuildPhase section */

/* Begin PBXTargetDependency section */
		A8BCFF6A1FD68E860094B423 /* PBXTargetDependency */ = {
			isa = PBXTargetDependency;
			target = A8BCFF4F1FD68E860094B423 /* BasicUtilsTest */;
			targetProxy = A8BCFF691FD68E860094B423 /* PBXContainerItemProxy */;
		};
		A8BCFF751FD68E860094B423 /* PBXTargetDependency */ = {
			isa = PBXTargetDependency;
			target = A8BCFF4F1FD68E860094B423 /* BasicUtilsTest */;
			targetProxy = A8BCFF741FD68E860094B423 /* PBXContainerItemProxy */;
		};
/* End PBXTargetDependency section */

/* Begin PBXVariantGroup section */
		A8BCFF591FD68E860094B423 /* Main.storyboard */ = {
			isa = PBXVariantGroup;
			children = (
				A8BCFF5A1FD68E860094B423 /* Base */,
			);
			name = Main.storyboard;
			sourceTree = "<group>";
		};
		A8BCFF5E1FD68E860094B423 /* LaunchScreen.storyboard */ = {
			isa = PBXVariantGroup;
			children = (
				A8BCFF5F1FD68E860094B423 /* Base */,
			);
			name = LaunchScreen.storyboard;
			sourceTree = "<group>";
		};
/* End PBXVariantGroup section */

/* Begin XCBuildConfiguration section */
		A8BCFF7A1FD68E860094B423 /* Debug */ = {
			isa = XCBuildConfiguration;
			buildSettings = {
				ALWAYS_SEARCH_USER_PATHS = NO;
				CLANG_ANALYZER_NONNULL = YES;
				CLANG_ANALYZER_NUMBER_OBJECT_CONVERSION = YES_AGGRESSIVE;
				CLANG_CXX_LANGUAGE_STANDARD = "gnu++14";
				CLANG_CXX_LIBRARY = "libc++";
				CLANG_ENABLE_MODULES = YES;
				CLANG_ENABLE_OBJC_ARC = YES;
				CLANG_WARN_BLOCK_CAPTURE_AUTORELEASING = YES;
				CLANG_WARN_BOOL_CONVERSION = YES;
				CLANG_WARN_COMMA = YES;
				CLANG_WARN_CONSTANT_CONVERSION = YES;
				CLANG_WARN_DIRECT_OBJC_ISA_USAGE = YES_ERROR;
				CLANG_WARN_DOCUMENTATION_COMMENTS = YES;
				CLANG_WARN_EMPTY_BODY = YES;
				CLANG_WARN_ENUM_CONVERSION = YES;
				CLANG_WARN_INFINITE_RECURSION = YES;
				CLANG_WARN_INT_CONVERSION = YES;
				CLANG_WARN_NON_LITERAL_NULL_CONVERSION = YES;
				CLANG_WARN_OBJC_LITERAL_CONVERSION = YES;
				CLANG_WARN_OBJC_ROOT_CLASS = YES_ERROR;
				CLANG_WARN_RANGE_LOOP_ANALYSIS = YES;
				CLANG_WARN_STRICT_PROTOTYPES = YES;
				CLANG_WARN_SUSPICIOUS_MOVE = YES;
				CLANG_WARN_UNGUARDED_AVAILABILITY = YES_AGGRESSIVE;
				CLANG_WARN_UNREACHABLE_CODE = YES;
				CLANG_WARN__DUPLICATE_METHOD_MATCH = YES;
				CODE_SIGN_IDENTITY = "iPhone Developer";
				COPY_PHASE_STRIP = NO;
				DEBUG_INFORMATION_FORMAT = dwarf;
				ENABLE_STRICT_OBJC_MSGSEND = YES;
				ENABLE_TESTABILITY = YES;
				GCC_C_LANGUAGE_STANDARD = gnu11;
				GCC_DYNAMIC_NO_PIC = NO;
				GCC_NO_COMMON_BLOCKS = YES;
				GCC_OPTIMIZATION_LEVEL = 0;
				GCC_PREPROCESSOR_DEFINITIONS = (
					"DEBUG=1",
					"$(inherited)",
				);
				GCC_WARN_64_TO_32_BIT_CONVERSION = YES;
				GCC_WARN_ABOUT_RETURN_TYPE = YES_ERROR;
				GCC_WARN_UNDECLARED_SELECTOR = YES;
				GCC_WARN_UNINITIALIZED_AUTOS = YES_AGGRESSIVE;
				GCC_WARN_UNUSED_FUNCTION = YES;
				GCC_WARN_UNUSED_VARIABLE = YES;
				IPHONEOS_DEPLOYMENT_TARGET = 11.1;
				MTL_ENABLE_DEBUG_INFO = YES;
				ONLY_ACTIVE_ARCH = YES;
				SDKROOT = iphoneos;
			};
			name = Debug;
		};
		A8BCFF7B1FD68E860094B423 /* Release */ = {
			isa = XCBuildConfiguration;
			buildSettings = {
				ALWAYS_SEARCH_USER_PATHS = NO;
				CLANG_ANALYZER_NONNULL = YES;
				CLANG_ANALYZER_NUMBER_OBJECT_CONVERSION = YES_AGGRESSIVE;
				CLANG_CXX_LANGUAGE_STANDARD = "gnu++14";
				CLANG_CXX_LIBRARY = "libc++";
				CLANG_ENABLE_MODULES = YES;
				CLANG_ENABLE_OBJC_ARC = YES;
				CLANG_WARN_BLOCK_CAPTURE_AUTORELEASING = YES;
				CLANG_WARN_BOOL_CONVERSION = YES;
				CLANG_WARN_COMMA = YES;
				CLANG_WARN_CONSTANT_CONVERSION = YES;
				CLANG_WARN_DIRECT_OBJC_ISA_USAGE = YES_ERROR;
				CLANG_WARN_DOCUMENTATION_COMMENTS = YES;
				CLANG_WARN_EMPTY_BODY = YES;
				CLANG_WARN_ENUM_CONVERSION = YES;
				CLANG_WARN_INFINITE_RECURSION = YES;
				CLANG_WARN_INT_CONVERSION = YES;
				CLANG_WARN_NON_LITERAL_NULL_CONVERSION = YES;
				CLANG_WARN_OBJC_LITERAL_CONVERSION = YES;
				CLANG_WARN_OBJC_ROOT_CLASS = YES_ERROR;
				CLANG_WARN_RANGE_LOOP_ANALYSIS = YES;
				CLANG_WARN_STRICT_PROTOTYPES = YES;
				CLANG_WARN_SUSPICIOUS_MOVE = YES;
				CLANG_WARN_UNGUARDED_AVAILABILITY = YES_AGGRESSIVE;
				CLANG_WARN_UNREACHABLE_CODE = YES;
				CLANG_WARN__DUPLICATE_METHOD_MATCH = YES;
				CODE_SIGN_IDENTITY = "iPhone Developer";
				COPY_PHASE_STRIP = NO;
				DEBUG_INFORMATION_FORMAT = "dwarf-with-dsym";
				ENABLE_NS_ASSERTIONS = NO;
				ENABLE_STRICT_OBJC_MSGSEND = YES;
				GCC_C_LANGUAGE_STANDARD = gnu11;
				GCC_NO_COMMON_BLOCKS = YES;
				GCC_WARN_64_TO_32_BIT_CONVERSION = YES;
				GCC_WARN_ABOUT_RETURN_TYPE = YES_ERROR;
				GCC_WARN_UNDECLARED_SELECTOR = YES;
				GCC_WARN_UNINITIALIZED_AUTOS = YES_AGGRESSIVE;
				GCC_WARN_UNUSED_FUNCTION = YES;
				GCC_WARN_UNUSED_VARIABLE = YES;
				IPHONEOS_DEPLOYMENT_TARGET = 11.1;
				MTL_ENABLE_DEBUG_INFO = NO;
				SDKROOT = iphoneos;
				VALIDATE_PRODUCT = YES;
			};
			name = Release;
		};
		A8BCFF7D1FD68E860094B423 /* Debug */ = {
			isa = XCBuildConfiguration;
			buildSettings = {
				ASSETCATALOG_COMPILER_APPICON_NAME = AppIcon;
				CODE_SIGN_STYLE = Automatic;
				DEVELOPMENT_TEAM = K5MUWKUHGT;
				INFOPLIST_FILE = BasicUtilsTest/Info.plist;
				LD_RUNPATH_SEARCH_PATHS = "$(inherited) @executable_path/Frameworks";
				PRODUCT_BUNDLE_IDENTIFIER = com.cb.BasicUtilsTest;
				PRODUCT_NAME = "$(TARGET_NAME)";
				TARGETED_DEVICE_FAMILY = "1,2";
			};
			name = Debug;
		};
		A8BCFF7E1FD68E860094B423 /* Release */ = {
			isa = XCBuildConfiguration;
			buildSettings = {
				ASSETCATALOG_COMPILER_APPICON_NAME = AppIcon;
				CODE_SIGN_STYLE = Automatic;
				DEVELOPMENT_TEAM = K5MUWKUHGT;
				INFOPLIST_FILE = BasicUtilsTest/Info.plist;
				LD_RUNPATH_SEARCH_PATHS = "$(inherited) @executable_path/Frameworks";
				PRODUCT_BUNDLE_IDENTIFIER = com.cb.BasicUtilsTest;
				PRODUCT_NAME = "$(TARGET_NAME)";
				TARGETED_DEVICE_FAMILY = "1,2";
			};
			name = Release;
		};
		A8BCFF801FD68E860094B423 /* Debug */ = {
			isa = XCBuildConfiguration;
			buildSettings = {
				BUNDLE_LOADER = "$(TEST_HOST)";
				CODE_SIGN_STYLE = Automatic;
				DEVELOPMENT_TEAM = K5MUWKUHGT;
				INFOPLIST_FILE = BasicUtilsTestTests/Info.plist;
				LD_RUNPATH_SEARCH_PATHS = "$(inherited) @executable_path/Frameworks @loader_path/Frameworks";
				PRODUCT_BUNDLE_IDENTIFIER = com.cb.BasicUtilsTestTests;
				PRODUCT_NAME = "$(TARGET_NAME)";
				TARGETED_DEVICE_FAMILY = "1,2";
				TEST_HOST = "$(BUILT_PRODUCTS_DIR)/BasicUtilsTest.app/BasicUtilsTest";
			};
			name = Debug;
		};
		A8BCFF811FD68E860094B423 /* Release */ = {
			isa = XCBuildConfiguration;
			buildSettings = {
				BUNDLE_LOADER = "$(TEST_HOST)";
				CODE_SIGN_STYLE = Automatic;
				DEVELOPMENT_TEAM = K5MUWKUHGT;
				INFOPLIST_FILE = BasicUtilsTestTests/Info.plist;
				LD_RUNPATH_SEARCH_PATHS = "$(inherited) @executable_path/Frameworks @loader_path/Frameworks";
				PRODUCT_BUNDLE_IDENTIFIER = com.cb.BasicUtilsTestTests;
				PRODUCT_NAME = "$(TARGET_NAME)";
				TARGETED_DEVICE_FAMILY = "1,2";
				TEST_HOST = "$(BUILT_PRODUCTS_DIR)/BasicUtilsTest.app/BasicUtilsTest";
			};
			name = Release;
		};
		A8BCFF831FD68E860094B423 /* Debug */ = {
			isa = XCBuildConfiguration;
			buildSettings = {
				CODE_SIGN_STYLE = Automatic;
				DEVELOPMENT_TEAM = K5MUWKUHGT;
				INFOPLIST_FILE = BasicUtilsTestUITests/Info.plist;
				LD_RUNPATH_SEARCH_PATHS = "$(inherited) @executable_path/Frameworks @loader_path/Frameworks";
				PRODUCT_BUNDLE_IDENTIFIER = com.cb.BasicUtilsTestUITests;
				PRODUCT_NAME = "$(TARGET_NAME)";
				TARGETED_DEVICE_FAMILY = "1,2";
				TEST_TARGET_NAME = BasicUtilsTest;
			};
			name = Debug;
		};
		A8BCFF841FD68E860094B423 /* Release */ = {
			isa = XCBuildConfiguration;
			buildSettings = {
				CODE_SIGN_STYLE = Automatic;
				DEVELOPMENT_TEAM = K5MUWKUHGT;
				INFOPLIST_FILE = BasicUtilsTestUITests/Info.plist;
				LD_RUNPATH_SEARCH_PATHS = "$(inherited) @executable_path/Frameworks @loader_path/Frameworks";
				PRODUCT_BUNDLE_IDENTIFIER = com.cb.BasicUtilsTestUITests;
				PRODUCT_NAME = "$(TARGET_NAME)";
				TARGETED_DEVICE_FAMILY = "1,2";
				TEST_TARGET_NAME = BasicUtilsTest;
			};
			name = Release;
		};
/* End XCBuildConfiguration section */

/* Begin XCConfigurationList section */
		A8BCFF4B1FD68E860094B423 /* Build configuration list for PBXProject "BasicUtilsTest" */ = {
			isa = XCConfigurationList;
			buildConfigurations = (
				A8BCFF7A1FD68E860094B423 /* Debug */,
				A8BCFF7B1FD68E860094B423 /* Release */,
			);
			defaultConfigurationIsVisible = 0;
			defaultConfigurationName = Release;
		};
		A8BCFF7C1FD68E860094B423 /* Build configuration list for PBXNativeTarget "BasicUtilsTest" */ = {
			isa = XCConfigurationList;
			buildConfigurations = (
				A8BCFF7D1FD68E860094B423 /* Debug */,
				A8BCFF7E1FD68E860094B423 /* Release */,
			);
			defaultConfigurationIsVisible = 0;
			defaultConfigurationName = Release;
		};
		A8BCFF7F1FD68E860094B423 /* Build configuration list for PBXNativeTarget "BasicUtilsTestTests" */ = {
			isa = XCConfigurationList;
			buildConfigurations = (
				A8BCFF801FD68E860094B423 /* Debug */,
				A8BCFF811FD68E860094B423 /* Release */,
			);
			defaultConfigurationIsVisible = 0;
			defaultConfigurationName = Release;
		};
		A8BCFF821FD68E860094B423 /* Build configuration list for PBXNativeTarget "BasicUtilsTestUITests" */ = {
			isa = XCConfigurationList;
			buildConfigurations = (
				A8BCFF831FD68E860094B423 /* Debug */,
				A8BCFF841FD68E860094B423 /* Release */,
			);
			defaultConfigurationIsVisible = 0;
			defaultConfigurationName = Release;
		};
/* End XCConfigurationList section */
	};
	rootObject = A8BCFF481FD68E860094B423 /* Project object */;
}
